// !$*UTF8*$!
{
	archiveVersion = 1;
	classes = {
	};
	objectVersion = 46;
	objects = {

/* Begin PBXBuildFile section */
		1AC6FB1F180E996B004C840B /* libbox2d Mac.a in Frameworks */ = {isa = PBXBuildFile; fileRef = 1AC6FAFF180E9839004C840B /* libbox2d Mac.a */; };
		1AC6FB20180E996B004C840B /* libchipmunk Mac.a in Frameworks */ = {isa = PBXBuildFile; fileRef = 1AC6FAFD180E9839004C840B /* libchipmunk Mac.a */; };
		1AC6FB21180E996B004C840B /* libcocos2dx Mac.a in Frameworks */ = {isa = PBXBuildFile; fileRef = 1AC6FAF9180E9839004C840B /* libcocos2dx Mac.a */; };
		1AC6FB22180E996B004C840B /* libcocos2dx-extensions Mac.a in Frameworks */ = {isa = PBXBuildFile; fileRef = 1AC6FAFB180E9839004C840B /* libcocos2dx-extensions Mac.a */; };
		1AC6FB23180E996B004C840B /* libCocosDenshion Mac.a in Frameworks */ = {isa = PBXBuildFile; fileRef = 1AC6FB01180E9839004C840B /* libCocosDenshion Mac.a */; };
		1AC6FB2E180E99EB004C840B /* libbox2d iOS.a in Frameworks */ = {isa = PBXBuildFile; fileRef = 1AC6FB0D180E9839004C840B /* libbox2d iOS.a */; };
		1AC6FB2F180E99EB004C840B /* libchipmunk iOS.a in Frameworks */ = {isa = PBXBuildFile; fileRef = 1AC6FB0B180E9839004C840B /* libchipmunk iOS.a */; };
		1AC6FB30180E99EB004C840B /* libcocos2dx iOS.a in Frameworks */ = {isa = PBXBuildFile; fileRef = 1AC6FB07180E9839004C840B /* libcocos2dx iOS.a */; };
		1AC6FB31180E99EB004C840B /* libcocos2dx-extensions iOS.a in Frameworks */ = {isa = PBXBuildFile; fileRef = 1AC6FB09180E9839004C840B /* libcocos2dx-extensions iOS.a */; };
		1AC6FB32180E99EB004C840B /* libCocosDenshion iOS.a in Frameworks */ = {isa = PBXBuildFile; fileRef = 1AC6FB0F180E9839004C840B /* libCocosDenshion iOS.a */; };
		1AFAF8B716D35DE700DB1158 /* AppDelegate.cpp in Sources */ = {isa = PBXBuildFile; fileRef = 1AFAF8B316D35DE700DB1158 /* AppDelegate.cpp */; };
		1D60589F0D05DD5A006BFB54 /* Foundation.framework in Frameworks */ = {isa = PBXBuildFile; fileRef = 1D30AB110D05D00D00671497 /* Foundation.framework */; };
		1DF5F4E00D08C38300B7A737 /* UIKit.framework in Frameworks */ = {isa = PBXBuildFile; fileRef = 1DF5F4DF0D08C38300B7A737 /* UIKit.framework */; };
		288765A50DF7441C002DB57D /* CoreGraphics.framework in Frameworks */ = {isa = PBXBuildFile; fileRef = 288765A40DF7441C002DB57D /* CoreGraphics.framework */; };
		28A0AB801A6658DA0041040E /* libsqlite3.0.dylib in Frameworks */ = {isa = PBXBuildFile; fileRef = 28A0AB7F1A6658DA0041040E /* libsqlite3.0.dylib */; };
		28CD21B41A4D0BB300C22F97 /* PopLayer.cpp in Sources */ = {isa = PBXBuildFile; fileRef = 28CD21981A4D0BB200C22F97 /* PopLayer.cpp */; };
		28CD21B51A4D0BB300C22F97 /* PopLayer.cpp in Sources */ = {isa = PBXBuildFile; fileRef = 28CD21981A4D0BB200C22F97 /* PopLayer.cpp */; };
		28CD21B61A4D0BB300C22F97 /* SliderBar.cpp in Sources */ = {isa = PBXBuildFile; fileRef = 28CD219A1A4D0BB200C22F97 /* SliderBar.cpp */; };
		28CD21B71A4D0BB300C22F97 /* SliderBar.cpp in Sources */ = {isa = PBXBuildFile; fileRef = 28CD219A1A4D0BB200C22F97 /* SliderBar.cpp */; };
		28CD21B81A4D0BB300C22F97 /* SqliteHelper.cpp in Sources */ = {isa = PBXBuildFile; fileRef = 28CD219D1A4D0BB200C22F97 /* SqliteHelper.cpp */; };
		28CD21B91A4D0BB300C22F97 /* SqliteHelper.cpp in Sources */ = {isa = PBXBuildFile; fileRef = 28CD219D1A4D0BB200C22F97 /* SqliteHelper.cpp */; };
		28CD21BA1A4D0BB300C22F97 /* UserData.cpp in Sources */ = {isa = PBXBuildFile; fileRef = 28CD21A01A4D0BB200C22F97 /* UserData.cpp */; };
		28CD21BB1A4D0BB300C22F97 /* UserData.cpp in Sources */ = {isa = PBXBuildFile; fileRef = 28CD21A01A4D0BB200C22F97 /* UserData.cpp */; };
		28CD21BC1A4D0BB300C22F97 /* HelloWorldScene.cpp in Sources */ = {isa = PBXBuildFile; fileRef = 28CD21A31A4D0BB200C22F97 /* HelloWorldScene.cpp */; };
		28CD21BD1A4D0BB300C22F97 /* HelloWorldScene.cpp in Sources */ = {isa = PBXBuildFile; fileRef = 28CD21A31A4D0BB200C22F97 /* HelloWorldScene.cpp */; };
		28CD21BE1A4D0BB300C22F97 /* MissionMenuItem.cpp in Sources */ = {isa = PBXBuildFile; fileRef = 28CD21A51A4D0BB200C22F97 /* MissionMenuItem.cpp */; };
		28CD21BF1A4D0BB300C22F97 /* MissionMenuItem.cpp in Sources */ = {isa = PBXBuildFile; fileRef = 28CD21A51A4D0BB200C22F97 /* MissionMenuItem.cpp */; };
		28CD21C01A4D0BB300C22F97 /* GameMainScene.cpp in Sources */ = {isa = PBXBuildFile; fileRef = 28CD21A81A4D0BB200C22F97 /* GameMainScene.cpp */; };
		28CD21C11A4D0BB300C22F97 /* GameMainScene.cpp in Sources */ = {isa = PBXBuildFile; fileRef = 28CD21A81A4D0BB200C22F97 /* GameMainScene.cpp */; };
		28CD21C21A4D0BB300C22F97 /* GameManager.cpp in Sources */ = {isa = PBXBuildFile; fileRef = 28CD21AA1A4D0BB200C22F97 /* GameManager.cpp */; };
		28CD21C31A4D0BB300C22F97 /* GameManager.cpp in Sources */ = {isa = PBXBuildFile; fileRef = 28CD21AA1A4D0BB200C22F97 /* GameManager.cpp */; };
		28CD21C41A4D0BB300C22F97 /* GameStartScene.cpp in Sources */ = {isa = PBXBuildFile; fileRef = 28CD21AC1A4D0BB300C22F97 /* GameStartScene.cpp */; };
		28CD21C51A4D0BB300C22F97 /* GameStartScene.cpp in Sources */ = {isa = PBXBuildFile; fileRef = 28CD21AC1A4D0BB300C22F97 /* GameStartScene.cpp */; };
		28CD21C61A4D0BB300C22F97 /* MissionInfoItem.cpp in Sources */ = {isa = PBXBuildFile; fileRef = 28CD21AE1A4D0BB300C22F97 /* MissionInfoItem.cpp */; };
		28CD21C71A4D0BB300C22F97 /* MissionInfoItem.cpp in Sources */ = {isa = PBXBuildFile; fileRef = 28CD21AE1A4D0BB300C22F97 /* MissionInfoItem.cpp */; };
		28CD21C81A4D0BB300C22F97 /* NewGameManiScene.cpp in Sources */ = {isa = PBXBuildFile; fileRef = 28CD21B01A4D0BB300C22F97 /* NewGameManiScene.cpp */; };
		28CD21C91A4D0BB300C22F97 /* NewGameManiScene.cpp in Sources */ = {isa = PBXBuildFile; fileRef = 28CD21B01A4D0BB300C22F97 /* NewGameManiScene.cpp */; };
		28CD21CA1A4D0BB300C22F97 /* SelectMissionScene.cpp in Sources */ = {isa = PBXBuildFile; fileRef = 28CD21B21A4D0BB300C22F97 /* SelectMissionScene.cpp */; };
		28CD21CB1A4D0BB300C22F97 /* SelectMissionScene.cpp in Sources */ = {isa = PBXBuildFile; fileRef = 28CD21B21A4D0BB300C22F97 /* SelectMissionScene.cpp */; };
		28CD21F81A4D0BD900C22F97 /* b1.png in Resources */ = {isa = PBXBuildFile; fileRef = 28CD21CC1A4D0BD900C22F97 /* b1.png */; };
		28CD21F91A4D0BD900C22F97 /* b1.png in Resources */ = {isa = PBXBuildFile; fileRef = 28CD21CC1A4D0BD900C22F97 /* b1.png */; };
		28CD21FA1A4D0BD900C22F97 /* b2.png in Resources */ = {isa = PBXBuildFile; fileRef = 28CD21CD1A4D0BD900C22F97 /* b2.png */; };
		28CD21FB1A4D0BD900C22F97 /* b2.png in Resources */ = {isa = PBXBuildFile; fileRef = 28CD21CD1A4D0BD900C22F97 /* b2.png */; };
		28CD21FC1A4D0BD900C22F97 /* b3.png in Resources */ = {isa = PBXBuildFile; fileRef = 28CD21CE1A4D0BD900C22F97 /* b3.png */; };
		28CD21FD1A4D0BD900C22F97 /* b3.png in Resources */ = {isa = PBXBuildFile; fileRef = 28CD21CE1A4D0BD900C22F97 /* b3.png */; };
		28CD21FE1A4D0BD900C22F97 /* b4.png in Resources */ = {isa = PBXBuildFile; fileRef = 28CD21CF1A4D0BD900C22F97 /* b4.png */; };
		28CD21FF1A4D0BD900C22F97 /* b4.png in Resources */ = {isa = PBXBuildFile; fileRef = 28CD21CF1A4D0BD900C22F97 /* b4.png */; };
		28CD22001A4D0BD900C22F97 /* background.png in Resources */ = {isa = PBXBuildFile; fileRef = 28CD21D01A4D0BD900C22F97 /* background.png */; };
		28CD22011A4D0BD900C22F97 /* background.png in Resources */ = {isa = PBXBuildFile; fileRef = 28CD21D01A4D0BD900C22F97 /* background.png */; };
		28CD22021A4D0BD900C22F97 /* banner.png in Resources */ = {isa = PBXBuildFile; fileRef = 28CD21D11A4D0BD900C22F97 /* banner.png */; };
		28CD22031A4D0BD900C22F97 /* banner.png in Resources */ = {isa = PBXBuildFile; fileRef = 28CD21D11A4D0BD900C22F97 /* banner.png */; };
		28CD22041A4D0BD900C22F97 /* buy.png in Resources */ = {isa = PBXBuildFile; fileRef = 28CD21D21A4D0BD900C22F97 /* buy.png */; };
		28CD22051A4D0BD900C22F97 /* buy.png in Resources */ = {isa = PBXBuildFile; fileRef = 28CD21D21A4D0BD900C22F97 /* buy.png */; };
		28CD22061A4D0BD900C22F97 /* cancel.png in Resources */ = {isa = PBXBuildFile; fileRef = 28CD21D31A4D0BD900C22F97 /* cancel.png */; };
		28CD22071A4D0BD900C22F97 /* cancel.png in Resources */ = {isa = PBXBuildFile; fileRef = 28CD21D31A4D0BD900C22F97 /* cancel.png */; };
		28CD22081A4D0BD900C22F97 /* caocao0.png in Resources */ = {isa = PBXBuildFile; fileRef = 28CD21D41A4D0BD900C22F97 /* caocao0.png */; };
		28CD22091A4D0BD900C22F97 /* caocao0.png in Resources */ = {isa = PBXBuildFile; fileRef = 28CD21D41A4D0BD900C22F97 /* caocao0.png */; };
		28CD220A1A4D0BD900C22F97 /* choose_bg.png in Resources */ = {isa = PBXBuildFile; fileRef = 28CD21D51A4D0BD900C22F97 /* choose_bg.png */; };
		28CD220B1A4D0BD900C22F97 /* choose_bg.png in Resources */ = {isa = PBXBuildFile; fileRef = 28CD21D51A4D0BD900C22F97 /* choose_bg.png */; };
		28CD220C1A4D0BD900C22F97 /* extensions in Resources */ = {isa = PBXBuildFile; fileRef = 28CD21D61A4D0BD900C22F97 /* extensions */; };
		28CD220D1A4D0BD900C22F97 /* extensions in Resources */ = {isa = PBXBuildFile; fileRef = 28CD21D61A4D0BD900C22F97 /* extensions */; };
		28CD220E1A4D0BD900C22F97 /* fonts in Resources */ = {isa = PBXBuildFile; fileRef = 28CD21D71A4D0BD900C22F97 /* fonts */; };
		28CD220F1A4D0BD900C22F97 /* fonts in Resources */ = {isa = PBXBuildFile; fileRef = 28CD21D71A4D0BD900C22F97 /* fonts */; };
		28CD22101A4D0BD900C22F97 /* free_get.png in Resources */ = {isa = PBXBuildFile; fileRef = 28CD21D81A4D0BD900C22F97 /* free_get.png */; };
		28CD22111A4D0BD900C22F97 /* free_get.png in Resources */ = {isa = PBXBuildFile; fileRef = 28CD21D81A4D0BD900C22F97 /* free_get.png */; };
		28CD22121A4D0BD900C22F97 /* gohome.png in Resources */ = {isa = PBXBuildFile; fileRef = 28CD21D91A4D0BD900C22F97 /* gohome.png */; };
		28CD22131A4D0BD900C22F97 /* gohome.png in Resources */ = {isa = PBXBuildFile; fileRef = 28CD21D91A4D0BD900C22F97 /* gohome.png */; };
		28CD22141A4D0BD900C22F97 /* guanyu1.png in Resources */ = {isa = PBXBuildFile; fileRef = 28CD21DA1A4D0BD900C22F97 /* guanyu1.png */; };
		28CD22151A4D0BD900C22F97 /* guanyu1.png in Resources */ = {isa = PBXBuildFile; fileRef = 28CD21DA1A4D0BD900C22F97 /* guanyu1.png */; };
		28CD22161A4D0BD900C22F97 /* guanyu2.png in Resources */ = {isa = PBXBuildFile; fileRef = 28CD21DB1A4D0BD900C22F97 /* guanyu2.png */; };
		28CD22171A4D0BD900C22F97 /* guanyu2.png in Resources */ = {isa = PBXBuildFile; fileRef = 28CD21DB1A4D0BD900C22F97 /* guanyu2.png */; };
		28CD22181A4D0BD900C22F97 /* huangzhong1.png in Resources */ = {isa = PBXBuildFile; fileRef = 28CD21DC1A4D0BD900C22F97 /* huangzhong1.png */; };
		28CD22191A4D0BD900C22F97 /* huangzhong1.png in Resources */ = {isa = PBXBuildFile; fileRef = 28CD21DC1A4D0BD900C22F97 /* huangzhong1.png */; };
		28CD221A1A4D0BD900C22F97 /* huangzhong2.png in Resources */ = {isa = PBXBuildFile; fileRef = 28CD21DD1A4D0BD900C22F97 /* huangzhong2.png */; };
		28CD221B1A4D0BD900C22F97 /* huangzhong2.png in Resources */ = {isa = PBXBuildFile; fileRef = 28CD21DD1A4D0BD900C22F97 /* huangzhong2.png */; };
		28CD221C1A4D0BD900C22F97 /* ic_launcher.png in Resources */ = {isa = PBXBuildFile; fileRef = 28CD21DE1A4D0BD900C22F97 /* ic_launcher.png */; };
		28CD221D1A4D0BD900C22F97 /* ic_launcher.png in Resources */ = {isa = PBXBuildFile; fileRef = 28CD21DE1A4D0BD900C22F97 /* ic_launcher.png */; };
		28CD221E1A4D0BD900C22F97 /* layout_array.array in Resources */ = {isa = PBXBuildFile; fileRef = 28CD21DF1A4D0BD900C22F97 /* layout_array.array */; };
		28CD221F1A4D0BD900C22F97 /* layout_array.array in Resources */ = {isa = PBXBuildFile; fileRef = 28CD21DF1A4D0BD900C22F97 /* layout_array.array */; };
		28CD22201A4D0BD900C22F97 /* lock.png in Resources */ = {isa = PBXBuildFile; fileRef = 28CD21E01A4D0BD900C22F97 /* lock.png */; };
		28CD22211A4D0BD900C22F97 /* lock.png in Resources */ = {isa = PBXBuildFile; fileRef = 28CD21E01A4D0BD900C22F97 /* lock.png */; };
		28CD22221A4D0BD900C22F97 /* machao1.png in Resources */ = {isa = PBXBuildFile; fileRef = 28CD21E11A4D0BD900C22F97 /* machao1.png */; };
		28CD22231A4D0BD900C22F97 /* machao1.png in Resources */ = {isa = PBXBuildFile; fileRef = 28CD21E11A4D0BD900C22F97 /* machao1.png */; };
		28CD22241A4D0BD900C22F97 /* machao2.png in Resources */ = {isa = PBXBuildFile; fileRef = 28CD21E21A4D0BD900C22F97 /* machao2.png */; };
		28CD22251A4D0BD900C22F97 /* machao2.png in Resources */ = {isa = PBXBuildFile; fileRef = 28CD21E21A4D0BD900C22F97 /* machao2.png */; };
		28CD22261A4D0BD900C22F97 /* main_button_1.png in Resources */ = {isa = PBXBuildFile; fileRef = 28CD21E31A4D0BD900C22F97 /* main_button_1.png */; };
		28CD22271A4D0BD900C22F97 /* main_button_1.png in Resources */ = {isa = PBXBuildFile; fileRef = 28CD21E31A4D0BD900C22F97 /* main_button_1.png */; };
		28CD22281A4D0BD900C22F97 /* main_button_2_disable.png in Resources */ = {isa = PBXBuildFile; fileRef = 28CD21E41A4D0BD900C22F97 /* main_button_2_disable.png */; };
		28CD22291A4D0BD900C22F97 /* main_button_2_disable.png in Resources */ = {isa = PBXBuildFile; fileRef = 28CD21E41A4D0BD900C22F97 /* main_button_2_disable.png */; };
		28CD222A1A4D0BD900C22F97 /* main_button_2.png in Resources */ = {isa = PBXBuildFile; fileRef = 28CD21E51A4D0BD900C22F97 /* main_button_2.png */; };
		28CD222B1A4D0BD900C22F97 /* main_button_2.png in Resources */ = {isa = PBXBuildFile; fileRef = 28CD21E51A4D0BD900C22F97 /* main_button_2.png */; };
		28CD222C1A4D0BD900C22F97 /* main_button_3.png in Resources */ = {isa = PBXBuildFile; fileRef = 28CD21E61A4D0BD900C22F97 /* main_button_3.png */; };
		28CD222D1A4D0BD900C22F97 /* main_button_3.png in Resources */ = {isa = PBXBuildFile; fileRef = 28CD21E61A4D0BD900C22F97 /* main_button_3.png */; };
		28CD222E1A4D0BD900C22F97 /* main.png in Resources */ = {isa = PBXBuildFile; fileRef = 28CD21E71A4D0BD900C22F97 /* main.png */; };
		28CD222F1A4D0BD900C22F97 /* main.png in Resources */ = {isa = PBXBuildFile; fileRef = 28CD21E71A4D0BD900C22F97 /* main.png */; };
		28CD22301A4D0BD900C22F97 /* message.png in Resources */ = {isa = PBXBuildFile; fileRef = 28CD21E81A4D0BD900C22F97 /* message.png */; };
		28CD22311A4D0BD900C22F97 /* message.png in Resources */ = {isa = PBXBuildFile; fileRef = 28CD21E81A4D0BD900C22F97 /* message.png */; };
		28CD22321A4D0BD900C22F97 /* next.png in Resources */ = {isa = PBXBuildFile; fileRef = 28CD21E91A4D0BD900C22F97 /* next.png */; };
		28CD22331A4D0BD900C22F97 /* next.png in Resources */ = {isa = PBXBuildFile; fileRef = 28CD21E91A4D0BD900C22F97 /* next.png */; };
		28CD22341A4D0BD900C22F97 /* no_used.png in Resources */ = {isa = PBXBuildFile; fileRef = 28CD21EA1A4D0BD900C22F97 /* no_used.png */; };
		28CD22351A4D0BD900C22F97 /* no_used.png in Resources */ = {isa = PBXBuildFile; fileRef = 28CD21EA1A4D0BD900C22F97 /* no_used.png */; };
		28CD22361A4D0BD900C22F97 /* ok.png in Resources */ = {isa = PBXBuildFile; fileRef = 28CD21EB1A4D0BD900C22F97 /* ok.png */; };
		28CD22371A4D0BD900C22F97 /* ok.png in Resources */ = {isa = PBXBuildFile; fileRef = 28CD21EB1A4D0BD900C22F97 /* ok.png */; };
		28CD22381A4D0BD900C22F97 /* select.wav in Resources */ = {isa = PBXBuildFile; fileRef = 28CD21EC1A4D0BD900C22F97 /* select.wav */; };
		28CD22391A4D0BD900C22F97 /* select.wav in Resources */ = {isa = PBXBuildFile; fileRef = 28CD21EC1A4D0BD900C22F97 /* select.wav */; };
		28CD223A1A4D0BD900C22F97 /* share.png in Resources */ = {isa = PBXBuildFile; fileRef = 28CD21ED1A4D0BD900C22F97 /* share.png */; };
		28CD223B1A4D0BD900C22F97 /* share.png in Resources */ = {isa = PBXBuildFile; fileRef = 28CD21ED1A4D0BD900C22F97 /* share.png */; };
		28CD223C1A4D0BD900C22F97 /* stencil in Resources */ = {isa = PBXBuildFile; fileRef = 28CD21EE1A4D0BD900C22F97 /* stencil */; };
		28CD223D1A4D0BD900C22F97 /* stencil in Resources */ = {isa = PBXBuildFile; fileRef = 28CD21EE1A4D0BD900C22F97 /* stencil */; };
		28CD223E1A4D0BD900C22F97 /* Strings.plist in Resources */ = {isa = PBXBuildFile; fileRef = 28CD21EF1A4D0BD900C22F97 /* Strings.plist */; };
		28CD223F1A4D0BD900C22F97 /* Strings.plist in Resources */ = {isa = PBXBuildFile; fileRef = 28CD21EF1A4D0BD900C22F97 /* Strings.plist */; };
		28CD22401A4D0BD900C22F97 /* title.png in Resources */ = {isa = PBXBuildFile; fileRef = 28CD21F01A4D0BD900C22F97 /* title.png */; };
		28CD22411A4D0BD900C22F97 /* title.png in Resources */ = {isa = PBXBuildFile; fileRef = 28CD21F01A4D0BD900C22F97 /* title.png */; };
		28CD22421A4D0BD900C22F97 /* un_notice.png in Resources */ = {isa = PBXBuildFile; fileRef = 28CD21F11A4D0BD900C22F97 /* un_notice.png */; };
		28CD22431A4D0BD900C22F97 /* un_notice.png in Resources */ = {isa = PBXBuildFile; fileRef = 28CD21F11A4D0BD900C22F97 /* un_notice.png */; };
		28CD22441A4D0BD900C22F97 /* used.png in Resources */ = {isa = PBXBuildFile; fileRef = 28CD21F21A4D0BD900C22F97 /* used.png */; };
		28CD22451A4D0BD900C22F97 /* used.png in Resources */ = {isa = PBXBuildFile; fileRef = 28CD21F21A4D0BD900C22F97 /* used.png */; };
		28CD22461A4D0BD900C22F97 /* xiaobing0.png in Resources */ = {isa = PBXBuildFile; fileRef = 28CD21F31A4D0BD900C22F97 /* xiaobing0.png */; };
		28CD22471A4D0BD900C22F97 /* xiaobing0.png in Resources */ = {isa = PBXBuildFile; fileRef = 28CD21F31A4D0BD900C22F97 /* xiaobing0.png */; };
		28CD22481A4D0BD900C22F97 /* zhangfei1.png in Resources */ = {isa = PBXBuildFile; fileRef = 28CD21F41A4D0BD900C22F97 /* zhangfei1.png */; };
		28CD22491A4D0BD900C22F97 /* zhangfei1.png in Resources */ = {isa = PBXBuildFile; fileRef = 28CD21F41A4D0BD900C22F97 /* zhangfei1.png */; };
		28CD224A1A4D0BD900C22F97 /* zhangfei2.png in Resources */ = {isa = PBXBuildFile; fileRef = 28CD21F51A4D0BD900C22F97 /* zhangfei2.png */; };
		28CD224B1A4D0BD900C22F97 /* zhangfei2.png in Resources */ = {isa = PBXBuildFile; fileRef = 28CD21F51A4D0BD900C22F97 /* zhangfei2.png */; };
		28CD224C1A4D0BD900C22F97 /* zhaoyun1.png in Resources */ = {isa = PBXBuildFile; fileRef = 28CD21F61A4D0BD900C22F97 /* zhaoyun1.png */; };
		28CD224D1A4D0BD900C22F97 /* zhaoyun1.png in Resources */ = {isa = PBXBuildFile; fileRef = 28CD21F61A4D0BD900C22F97 /* zhaoyun1.png */; };
		28CD224E1A4D0BD900C22F97 /* zhaoyun2.png in Resources */ = {isa = PBXBuildFile; fileRef = 28CD21F71A4D0BD900C22F97 /* zhaoyun2.png */; };
		28CD224F1A4D0BD900C22F97 /* zhaoyun2.png in Resources */ = {isa = PBXBuildFile; fileRef = 28CD21F71A4D0BD900C22F97 /* zhaoyun2.png */; };
		503AE0F817EB97AB00D1A890 /* Icon.icns in Resources */ = {isa = PBXBuildFile; fileRef = 503AE0F617EB97AB00D1A890 /* Icon.icns */; };
		503AE10017EB989F00D1A890 /* AppController.mm in Sources */ = {isa = PBXBuildFile; fileRef = 503AE0FB17EB989F00D1A890 /* AppController.mm */; };
		503AE10117EB989F00D1A890 /* main.m in Sources */ = {isa = PBXBuildFile; fileRef = 503AE0FC17EB989F00D1A890 /* main.m */; };
		503AE10217EB989F00D1A890 /* RootViewController.mm in Sources */ = {isa = PBXBuildFile; fileRef = 503AE0FF17EB989F00D1A890 /* RootViewController.mm */; };
		503AE10517EB98FF00D1A890 /* main.cpp in Sources */ = {isa = PBXBuildFile; fileRef = 503AE10317EB98FF00D1A890 /* main.cpp */; };
		503AE11217EB99EE00D1A890 /* libcurl.dylib in Frameworks */ = {isa = PBXBuildFile; fileRef = 503AE11117EB99EE00D1A890 /* libcurl.dylib */; };
		503AE11B17EB9C5A00D1A890 /* IOKit.framework in Frameworks */ = {isa = PBXBuildFile; fileRef = 503AE11A17EB9C5A00D1A890 /* IOKit.framework */; };
		5087E75717EB910900C73F5D /* AppDelegate.cpp in Sources */ = {isa = PBXBuildFile; fileRef = 1AFAF8B316D35DE700DB1158 /* AppDelegate.cpp */; };
		5087E76317EB910900C73F5D /* Foundation.framework in Frameworks */ = {isa = PBXBuildFile; fileRef = 1D30AB110D05D00D00671497 /* Foundation.framework */; };
		5087E76517EB910900C73F5D /* CoreGraphics.framework in Frameworks */ = {isa = PBXBuildFile; fileRef = 288765A40DF7441C002DB57D /* CoreGraphics.framework */; };
		5087E76717EB910900C73F5D /* libz.dylib in Frameworks */ = {isa = PBXBuildFile; fileRef = BF170DB412928DE900B8313A /* libz.dylib */; };
		5087E76817EB910900C73F5D /* QuartzCore.framework in Frameworks */ = {isa = PBXBuildFile; fileRef = BF1C47EA1293683800B63C5D /* QuartzCore.framework */; };
		5087E76917EB910900C73F5D /* OpenAL.framework in Frameworks */ = {isa = PBXBuildFile; fileRef = D44C620B132DFF330009C878 /* OpenAL.framework */; };
		5087E76A17EB910900C73F5D /* AVFoundation.framework in Frameworks */ = {isa = PBXBuildFile; fileRef = D44C620D132DFF430009C878 /* AVFoundation.framework */; };
		5087E76B17EB910900C73F5D /* AudioToolbox.framework in Frameworks */ = {isa = PBXBuildFile; fileRef = D44C620F132DFF4E0009C878 /* AudioToolbox.framework */; };
		5087E77D17EB970100C73F5D /* Default-568h@2x.png in Resources */ = {isa = PBXBuildFile; fileRef = 5087E77217EB970100C73F5D /* Default-568h@2x.png */; };
		5087E77E17EB970100C73F5D /* Default.png in Resources */ = {isa = PBXBuildFile; fileRef = 5087E77317EB970100C73F5D /* Default.png */; };
		5087E77F17EB970100C73F5D /* Default@2x.png in Resources */ = {isa = PBXBuildFile; fileRef = 5087E77417EB970100C73F5D /* Default@2x.png */; };
		5087E78017EB970100C73F5D /* Icon-114.png in Resources */ = {isa = PBXBuildFile; fileRef = 5087E77517EB970100C73F5D /* Icon-114.png */; };
		5087E78117EB970100C73F5D /* Icon-120.png in Resources */ = {isa = PBXBuildFile; fileRef = 5087E77617EB970100C73F5D /* Icon-120.png */; };
		5087E78217EB970100C73F5D /* Icon-144.png in Resources */ = {isa = PBXBuildFile; fileRef = 5087E77717EB970100C73F5D /* Icon-144.png */; };
		5087E78317EB970100C73F5D /* Icon-152.png in Resources */ = {isa = PBXBuildFile; fileRef = 5087E77817EB970100C73F5D /* Icon-152.png */; };
		5087E78417EB970100C73F5D /* Icon-57.png in Resources */ = {isa = PBXBuildFile; fileRef = 5087E77917EB970100C73F5D /* Icon-57.png */; };
		5087E78517EB970100C73F5D /* Icon-72.png in Resources */ = {isa = PBXBuildFile; fileRef = 5087E77A17EB970100C73F5D /* Icon-72.png */; };
		5087E78617EB970100C73F5D /* Icon-76.png in Resources */ = {isa = PBXBuildFile; fileRef = 5087E77B17EB970100C73F5D /* Icon-76.png */; };
		5087E78917EB974C00C73F5D /* AppKit.framework in Frameworks */ = {isa = PBXBuildFile; fileRef = 5087E78817EB974C00C73F5D /* AppKit.framework */; };
		5087E78B17EB975400C73F5D /* OpenGL.framework in Frameworks */ = {isa = PBXBuildFile; fileRef = 5087E78A17EB975400C73F5D /* OpenGL.framework */; };
		50EF629617ECD46A001EB2F8 /* Icon-40.png in Resources */ = {isa = PBXBuildFile; fileRef = 50EF629217ECD46A001EB2F8 /* Icon-40.png */; };
		50EF629717ECD46A001EB2F8 /* Icon-58.png in Resources */ = {isa = PBXBuildFile; fileRef = 50EF629317ECD46A001EB2F8 /* Icon-58.png */; };
		50EF629817ECD46A001EB2F8 /* Icon-80.png in Resources */ = {isa = PBXBuildFile; fileRef = 50EF629417ECD46A001EB2F8 /* Icon-80.png */; };
		50EF629917ECD46A001EB2F8 /* Icon-100.png in Resources */ = {isa = PBXBuildFile; fileRef = 50EF629517ECD46A001EB2F8 /* Icon-100.png */; };
		50EF62A217ECD613001EB2F8 /* Icon-29.png in Resources */ = {isa = PBXBuildFile; fileRef = 50EF62A017ECD613001EB2F8 /* Icon-29.png */; };
		50EF62A317ECD613001EB2F8 /* Icon-50.png in Resources */ = {isa = PBXBuildFile; fileRef = 50EF62A117ECD613001EB2F8 /* Icon-50.png */; };
		BF171245129291EC00B8313A /* OpenGLES.framework in Frameworks */ = {isa = PBXBuildFile; fileRef = BF170DB012928DE900B8313A /* OpenGLES.framework */; };
		BF1712471292920000B8313A /* libz.dylib in Frameworks */ = {isa = PBXBuildFile; fileRef = BF170DB412928DE900B8313A /* libz.dylib */; };
		BF1C47F01293687400B63C5D /* QuartzCore.framework in Frameworks */ = {isa = PBXBuildFile; fileRef = BF1C47EA1293683800B63C5D /* QuartzCore.framework */; };
		D44C620C132DFF330009C878 /* OpenAL.framework in Frameworks */ = {isa = PBXBuildFile; fileRef = D44C620B132DFF330009C878 /* OpenAL.framework */; };
		D44C620E132DFF430009C878 /* AVFoundation.framework in Frameworks */ = {isa = PBXBuildFile; fileRef = D44C620D132DFF430009C878 /* AVFoundation.framework */; };
		D44C6210132DFF4E0009C878 /* AudioToolbox.framework in Frameworks */ = {isa = PBXBuildFile; fileRef = D44C620F132DFF4E0009C878 /* AudioToolbox.framework */; };
		D6B0611B1803AB670077942B /* CoreMotion.framework in Frameworks */ = {isa = PBXBuildFile; fileRef = D6B0611A1803AB670077942B /* CoreMotion.framework */; };
/* End PBXBuildFile section */

/* Begin PBXContainerItemProxy section */
		1AC6FAF8180E9839004C840B /* PBXContainerItemProxy */ = {
			isa = PBXContainerItemProxy;
			containerPortal = 1AC6FAE5180E9839004C840B /* cocos2d_libs.xcodeproj */;
			proxyType = 2;
			remoteGlobalIDString = 1551A33F158F2AB200E66CFE;
			remoteInfo = "cocos2dx Mac";
		};
		1AC6FAFA180E9839004C840B /* PBXContainerItemProxy */ = {
			isa = PBXContainerItemProxy;
			containerPortal = 1AC6FAE5180E9839004C840B /* cocos2d_libs.xcodeproj */;
			proxyType = 2;
			remoteGlobalIDString = A03F2FD617814595006731B9;
			remoteInfo = "cocos2dx-extensions Mac";
		};
		1AC6FAFC180E9839004C840B /* PBXContainerItemProxy */ = {
			isa = PBXContainerItemProxy;
			containerPortal = 1AC6FAE5180E9839004C840B /* cocos2d_libs.xcodeproj */;
			proxyType = 2;
			remoteGlobalIDString = A03F2CB81780BD04006731B9;
			remoteInfo = "chipmunk Mac";
		};
		1AC6FAFE180E9839004C840B /* PBXContainerItemProxy */ = {
			isa = PBXContainerItemProxy;
			containerPortal = 1AC6FAE5180E9839004C840B /* cocos2d_libs.xcodeproj */;
			proxyType = 2;
			remoteGlobalIDString = A03F2D9B1780BDF7006731B9;
			remoteInfo = "box2d Mac";
		};
		1AC6FB00180E9839004C840B /* PBXContainerItemProxy */ = {
			isa = PBXContainerItemProxy;
			containerPortal = 1AC6FAE5180E9839004C840B /* cocos2d_libs.xcodeproj */;
			proxyType = 2;
			remoteGlobalIDString = A03F2ED617814268006731B9;
			remoteInfo = "CocosDenshion Mac";
		};
		1AC6FB06180E9839004C840B /* PBXContainerItemProxy */ = {
			isa = PBXContainerItemProxy;
			containerPortal = 1AC6FAE5180E9839004C840B /* cocos2d_libs.xcodeproj */;
			proxyType = 2;
			remoteGlobalIDString = A07A4D641783777C0073F6A7;
			remoteInfo = "cocos2dx iOS";
		};
		1AC6FB08180E9839004C840B /* PBXContainerItemProxy */ = {
			isa = PBXContainerItemProxy;
			containerPortal = 1AC6FAE5180E9839004C840B /* cocos2d_libs.xcodeproj */;
			proxyType = 2;
			remoteGlobalIDString = A07A4EFC1783867C0073F6A7;
			remoteInfo = "cocos2dx-extensions iOS";
		};
		1AC6FB0A180E9839004C840B /* PBXContainerItemProxy */ = {
			isa = PBXContainerItemProxy;
			containerPortal = 1AC6FAE5180E9839004C840B /* cocos2d_libs.xcodeproj */;
			proxyType = 2;
			remoteGlobalIDString = A07A4F3B178387670073F6A7;
			remoteInfo = "chipmunk iOS";
		};
		1AC6FB0C180E9839004C840B /* PBXContainerItemProxy */ = {
			isa = PBXContainerItemProxy;
			containerPortal = 1AC6FAE5180E9839004C840B /* cocos2d_libs.xcodeproj */;
			proxyType = 2;
			remoteGlobalIDString = A07A4F9E1783876B0073F6A7;
			remoteInfo = "box2d iOS";
		};
		1AC6FB0E180E9839004C840B /* PBXContainerItemProxy */ = {
			isa = PBXContainerItemProxy;
			containerPortal = 1AC6FAE5180E9839004C840B /* cocos2d_libs.xcodeproj */;
			proxyType = 2;
			remoteGlobalIDString = A07A4FB4178387730073F6A7;
			remoteInfo = "CocosDenshion iOS";
		};
		1AC6FB15180E9959004C840B /* PBXContainerItemProxy */ = {
			isa = PBXContainerItemProxy;
			containerPortal = 1AC6FAE5180E9839004C840B /* cocos2d_libs.xcodeproj */;
			proxyType = 1;
			remoteGlobalIDString = 1551A33E158F2AB200E66CFE;
			remoteInfo = "cocos2dx Mac";
		};
		1AC6FB17180E9959004C840B /* PBXContainerItemProxy */ = {
			isa = PBXContainerItemProxy;
			containerPortal = 1AC6FAE5180E9839004C840B /* cocos2d_libs.xcodeproj */;
			proxyType = 1;
			remoteGlobalIDString = A03F2FC117814595006731B9;
			remoteInfo = "cocos2dx-extensions Mac";
		};
		1AC6FB19180E9959004C840B /* PBXContainerItemProxy */ = {
			isa = PBXContainerItemProxy;
			containerPortal = 1AC6FAE5180E9839004C840B /* cocos2d_libs.xcodeproj */;
			proxyType = 1;
			remoteGlobalIDString = A03F2B781780BD04006731B9;
			remoteInfo = "chipmunk Mac";
		};
		1AC6FB1B180E9959004C840B /* PBXContainerItemProxy */ = {
			isa = PBXContainerItemProxy;
			containerPortal = 1AC6FAE5180E9839004C840B /* cocos2d_libs.xcodeproj */;
			proxyType = 1;
			remoteGlobalIDString = A03F2E9817814268006731B9;
			remoteInfo = "CocosDenshion Mac";
		};
		1AC6FB1D180E9963004C840B /* PBXContainerItemProxy */ = {
			isa = PBXContainerItemProxy;
			containerPortal = 1AC6FAE5180E9839004C840B /* cocos2d_libs.xcodeproj */;
			proxyType = 1;
			remoteGlobalIDString = A03F2D5D1780BDF7006731B9;
			remoteInfo = "box2d Mac";
		};
		1AC6FB24180E99E1004C840B /* PBXContainerItemProxy */ = {
			isa = PBXContainerItemProxy;
			containerPortal = 1AC6FAE5180E9839004C840B /* cocos2d_libs.xcodeproj */;
			proxyType = 1;
			remoteGlobalIDString = A07A4C241783777C0073F6A7;
			remoteInfo = "cocos2dx iOS";
		};
		1AC6FB26180E99E1004C840B /* PBXContainerItemProxy */ = {
			isa = PBXContainerItemProxy;
			containerPortal = 1AC6FAE5180E9839004C840B /* cocos2d_libs.xcodeproj */;
			proxyType = 1;
			remoteGlobalIDString = A07A4E111783867C0073F6A7;
			remoteInfo = "cocos2dx-extensions iOS";
		};
		1AC6FB28180E99E1004C840B /* PBXContainerItemProxy */ = {
			isa = PBXContainerItemProxy;
			containerPortal = 1AC6FAE5180E9839004C840B /* cocos2d_libs.xcodeproj */;
			proxyType = 1;
			remoteGlobalIDString = A07A4EFD178387670073F6A7;
			remoteInfo = "chipmunk iOS";
		};
		1AC6FB2A180E99E1004C840B /* PBXContainerItemProxy */ = {
			isa = PBXContainerItemProxy;
			containerPortal = 1AC6FAE5180E9839004C840B /* cocos2d_libs.xcodeproj */;
			proxyType = 1;
			remoteGlobalIDString = A07A4F3C1783876B0073F6A7;
			remoteInfo = "box2d iOS";
		};
		1AC6FB2C180E99E1004C840B /* PBXContainerItemProxy */ = {
			isa = PBXContainerItemProxy;
			containerPortal = 1AC6FAE5180E9839004C840B /* cocos2d_libs.xcodeproj */;
			proxyType = 1;
			remoteGlobalIDString = A07A4F9F178387730073F6A7;
			remoteInfo = "CocosDenshion iOS";
		};
/* End PBXContainerItemProxy section */

/* Begin PBXFileReference section */
		1AC6FAE5180E9839004C840B /* cocos2d_libs.xcodeproj */ = {isa = PBXFileReference; lastKnownFileType = "wrapper.pb-project"; name = cocos2d_libs.xcodeproj; path = ../cocos2d/build/cocos2d_libs.xcodeproj; sourceTree = "<group>"; };
		1ACB3243164770DE00914215 /* libcurl.a */ = {isa = PBXFileReference; lastKnownFileType = archive.ar; name = libcurl.a; path = ../../cocos2dx/platform/third_party/ios/libraries/libcurl.a; sourceTree = "<group>"; };
		1AFAF8B316D35DE700DB1158 /* AppDelegate.cpp */ = {isa = PBXFileReference; fileEncoding = 4; lastKnownFileType = sourcecode.cpp.cpp; name = AppDelegate.cpp; path = ../Classes/AppDelegate.cpp; sourceTree = "<group>"; };
		1AFAF8B416D35DE700DB1158 /* AppDelegate.h */ = {isa = PBXFileReference; fileEncoding = 4; lastKnownFileType = sourcecode.c.h; name = AppDelegate.h; path = ../Classes/AppDelegate.h; sourceTree = "<group>"; };
		1D30AB110D05D00D00671497 /* Foundation.framework */ = {isa = PBXFileReference; lastKnownFileType = wrapper.framework; name = Foundation.framework; path = System/Library/Frameworks/Foundation.framework; sourceTree = SDKROOT; };
		1D6058910D05DD3D006BFB54 /* HuaRongDao iOS.app */ = {isa = PBXFileReference; explicitFileType = wrapper.application; includeInIndex = 0; path = "HuaRongDao iOS.app"; sourceTree = BUILT_PRODUCTS_DIR; };
		1DF5F4DF0D08C38300B7A737 /* UIKit.framework */ = {isa = PBXFileReference; lastKnownFileType = wrapper.framework; name = UIKit.framework; path = System/Library/Frameworks/UIKit.framework; sourceTree = SDKROOT; };
		288765A40DF7441C002DB57D /* CoreGraphics.framework */ = {isa = PBXFileReference; lastKnownFileType = wrapper.framework; name = CoreGraphics.framework; path = System/Library/Frameworks/CoreGraphics.framework; sourceTree = SDKROOT; };
		28A0AB7F1A6658DA0041040E /* libsqlite3.0.dylib */ = {isa = PBXFileReference; lastKnownFileType = "compiled.mach-o.dylib"; name = libsqlite3.0.dylib; path = Platforms/iPhoneOS.platform/Developer/SDKs/iPhoneOS8.1.sdk/usr/lib/libsqlite3.0.dylib; sourceTree = DEVELOPER_DIR; };
		28CD21981A4D0BB200C22F97 /* PopLayer.cpp */ = {isa = PBXFileReference; fileEncoding = 4; lastKnownFileType = sourcecode.cpp.cpp; path = PopLayer.cpp; sourceTree = "<group>"; };
		28CD21991A4D0BB200C22F97 /* PopLayer.h */ = {isa = PBXFileReference; fileEncoding = 4; lastKnownFileType = sourcecode.c.h; path = PopLayer.h; sourceTree = "<group>"; };
		28CD219A1A4D0BB200C22F97 /* SliderBar.cpp */ = {isa = PBXFileReference; fileEncoding = 4; lastKnownFileType = sourcecode.cpp.cpp; path = SliderBar.cpp; sourceTree = "<group>"; };
		28CD219B1A4D0BB200C22F97 /* SliderBar.h */ = {isa = PBXFileReference; fileEncoding = 4; lastKnownFileType = sourcecode.c.h; path = SliderBar.h; sourceTree = "<group>"; };
		28CD219D1A4D0BB200C22F97 /* SqliteHelper.cpp */ = {isa = PBXFileReference; fileEncoding = 4; lastKnownFileType = sourcecode.cpp.cpp; path = SqliteHelper.cpp; sourceTree = "<group>"; };
		28CD219E1A4D0BB200C22F97 /* SqliteHelper.h */ = {isa = PBXFileReference; fileEncoding = 4; lastKnownFileType = sourcecode.c.h; path = SqliteHelper.h; sourceTree = "<group>"; };
		28CD21A01A4D0BB200C22F97 /* UserData.cpp */ = {isa = PBXFileReference; fileEncoding = 4; lastKnownFileType = sourcecode.cpp.cpp; path = UserData.cpp; sourceTree = "<group>"; };
		28CD21A11A4D0BB200C22F97 /* UserData.h */ = {isa = PBXFileReference; fileEncoding = 4; lastKnownFileType = sourcecode.c.h; path = UserData.h; sourceTree = "<group>"; };
		28CD21A31A4D0BB200C22F97 /* HelloWorldScene.cpp */ = {isa = PBXFileReference; fileEncoding = 4; lastKnownFileType = sourcecode.cpp.cpp; path = HelloWorldScene.cpp; sourceTree = "<group>"; };
		28CD21A41A4D0BB200C22F97 /* HelloWorldScene.h */ = {isa = PBXFileReference; fileEncoding = 4; lastKnownFileType = sourcecode.c.h; path = HelloWorldScene.h; sourceTree = "<group>"; };
		28CD21A51A4D0BB200C22F97 /* MissionMenuItem.cpp */ = {isa = PBXFileReference; fileEncoding = 4; lastKnownFileType = sourcecode.cpp.cpp; path = MissionMenuItem.cpp; sourceTree = "<group>"; };
		28CD21A61A4D0BB200C22F97 /* MissionMenuItem.h */ = {isa = PBXFileReference; fileEncoding = 4; lastKnownFileType = sourcecode.c.h; path = MissionMenuItem.h; sourceTree = "<group>"; };
		28CD21A71A4D0BB200C22F97 /* GameMacros.h */ = {isa = PBXFileReference; fileEncoding = 4; lastKnownFileType = sourcecode.c.h; name = GameMacros.h; path = ../Classes/GameMacros.h; sourceTree = "<group>"; };
		28CD21A81A4D0BB200C22F97 /* GameMainScene.cpp */ = {isa = PBXFileReference; fileEncoding = 4; lastKnownFileType = sourcecode.cpp.cpp; name = GameMainScene.cpp; path = ../Classes/GameMainScene.cpp; sourceTree = "<group>"; };
		28CD21A91A4D0BB200C22F97 /* GameMainScene.h */ = {isa = PBXFileReference; fileEncoding = 4; lastKnownFileType = sourcecode.c.h; name = GameMainScene.h; path = ../Classes/GameMainScene.h; sourceTree = "<group>"; };
		28CD21AA1A4D0BB200C22F97 /* GameManager.cpp */ = {isa = PBXFileReference; fileEncoding = 4; lastKnownFileType = sourcecode.cpp.cpp; name = GameManager.cpp; path = ../Classes/GameManager.cpp; sourceTree = "<group>"; };
		28CD21AB1A4D0BB200C22F97 /* GameManager.h */ = {isa = PBXFileReference; fileEncoding = 4; lastKnownFileType = sourcecode.c.h; name = GameManager.h; path = ../Classes/GameManager.h; sourceTree = "<group>"; };
		28CD21AC1A4D0BB300C22F97 /* GameStartScene.cpp */ = {isa = PBXFileReference; fileEncoding = 4; lastKnownFileType = sourcecode.cpp.cpp; name = GameStartScene.cpp; path = ../Classes/GameStartScene.cpp; sourceTree = "<group>"; };
		28CD21AD1A4D0BB300C22F97 /* GameStartScene.h */ = {isa = PBXFileReference; fileEncoding = 4; lastKnownFileType = sourcecode.c.h; name = GameStartScene.h; path = ../Classes/GameStartScene.h; sourceTree = "<group>"; };
		28CD21AE1A4D0BB300C22F97 /* MissionInfoItem.cpp */ = {isa = PBXFileReference; fileEncoding = 4; lastKnownFileType = sourcecode.cpp.cpp; name = MissionInfoItem.cpp; path = ../Classes/MissionInfoItem.cpp; sourceTree = "<group>"; };
		28CD21AF1A4D0BB300C22F97 /* MissionInfoItem.h */ = {isa = PBXFileReference; fileEncoding = 4; lastKnownFileType = sourcecode.c.h; name = MissionInfoItem.h; path = ../Classes/MissionInfoItem.h; sourceTree = "<group>"; };
		28CD21B01A4D0BB300C22F97 /* NewGameManiScene.cpp */ = {isa = PBXFileReference; fileEncoding = 4; lastKnownFileType = sourcecode.cpp.cpp; name = NewGameManiScene.cpp; path = ../Classes/NewGameManiScene.cpp; sourceTree = "<group>"; };
		28CD21B11A4D0BB300C22F97 /* NewGameManiScene.h */ = {isa = PBXFileReference; fileEncoding = 4; lastKnownFileType = sourcecode.c.h; name = NewGameManiScene.h; path = ../Classes/NewGameManiScene.h; sourceTree = "<group>"; };
		28CD21B21A4D0BB300C22F97 /* SelectMissionScene.cpp */ = {isa = PBXFileReference; fileEncoding = 4; lastKnownFileType = sourcecode.cpp.cpp; name = SelectMissionScene.cpp; path = ../Classes/SelectMissionScene.cpp; sourceTree = "<group>"; };
		28CD21B31A4D0BB300C22F97 /* SelectMissionScene.h */ = {isa = PBXFileReference; fileEncoding = 4; lastKnownFileType = sourcecode.c.h; name = SelectMissionScene.h; path = ../Classes/SelectMissionScene.h; sourceTree = "<group>"; };
		28CD21CC1A4D0BD900C22F97 /* b1.png */ = {isa = PBXFileReference; lastKnownFileType = image.png; path = b1.png; sourceTree = "<group>"; };
		28CD21CD1A4D0BD900C22F97 /* b2.png */ = {isa = PBXFileReference; lastKnownFileType = image.png; path = b2.png; sourceTree = "<group>"; };
		28CD21CE1A4D0BD900C22F97 /* b3.png */ = {isa = PBXFileReference; lastKnownFileType = image.png; path = b3.png; sourceTree = "<group>"; };
		28CD21CF1A4D0BD900C22F97 /* b4.png */ = {isa = PBXFileReference; lastKnownFileType = image.png; path = b4.png; sourceTree = "<group>"; };
		28CD21D01A4D0BD900C22F97 /* background.png */ = {isa = PBXFileReference; lastKnownFileType = image.png; path = background.png; sourceTree = "<group>"; };
		28CD21D11A4D0BD900C22F97 /* banner.png */ = {isa = PBXFileReference; lastKnownFileType = image.png; path = banner.png; sourceTree = "<group>"; };
		28CD21D21A4D0BD900C22F97 /* buy.png */ = {isa = PBXFileReference; lastKnownFileType = image.png; path = buy.png; sourceTree = "<group>"; };
		28CD21D31A4D0BD900C22F97 /* cancel.png */ = {isa = PBXFileReference; lastKnownFileType = image.png; path = cancel.png; sourceTree = "<group>"; };
		28CD21D41A4D0BD900C22F97 /* caocao0.png */ = {isa = PBXFileReference; lastKnownFileType = image.png; path = caocao0.png; sourceTree = "<group>"; };
		28CD21D51A4D0BD900C22F97 /* choose_bg.png */ = {isa = PBXFileReference; lastKnownFileType = image.png; path = choose_bg.png; sourceTree = "<group>"; };
		28CD21D61A4D0BD900C22F97 /* extensions */ = {isa = PBXFileReference; lastKnownFileType = folder; path = extensions; sourceTree = "<group>"; };
		28CD21D71A4D0BD900C22F97 /* fonts */ = {isa = PBXFileReference; lastKnownFileType = folder; path = fonts; sourceTree = "<group>"; };
		28CD21D81A4D0BD900C22F97 /* free_get.png */ = {isa = PBXFileReference; lastKnownFileType = image.png; path = free_get.png; sourceTree = "<group>"; };
		28CD21D91A4D0BD900C22F97 /* gohome.png */ = {isa = PBXFileReference; lastKnownFileType = image.png; path = gohome.png; sourceTree = "<group>"; };
		28CD21DA1A4D0BD900C22F97 /* guanyu1.png */ = {isa = PBXFileReference; lastKnownFileType = image.png; path = guanyu1.png; sourceTree = "<group>"; };
		28CD21DB1A4D0BD900C22F97 /* guanyu2.png */ = {isa = PBXFileReference; lastKnownFileType = image.png; path = guanyu2.png; sourceTree = "<group>"; };
		28CD21DC1A4D0BD900C22F97 /* huangzhong1.png */ = {isa = PBXFileReference; lastKnownFileType = image.png; path = huangzhong1.png; sourceTree = "<group>"; };
		28CD21DD1A4D0BD900C22F97 /* huangzhong2.png */ = {isa = PBXFileReference; lastKnownFileType = image.png; path = huangzhong2.png; sourceTree = "<group>"; };
		28CD21DE1A4D0BD900C22F97 /* ic_launcher.png */ = {isa = PBXFileReference; lastKnownFileType = image.png; path = ic_launcher.png; sourceTree = "<group>"; };
		28CD21DF1A4D0BD900C22F97 /* layout_array.array */ = {isa = PBXFileReference; fileEncoding = 4; lastKnownFileType = text; path = layout_array.array; sourceTree = "<group>"; };
		28CD21E01A4D0BD900C22F97 /* lock.png */ = {isa = PBXFileReference; lastKnownFileType = image.png; path = lock.png; sourceTree = "<group>"; };
		28CD21E11A4D0BD900C22F97 /* machao1.png */ = {isa = PBXFileReference; lastKnownFileType = image.png; path = machao1.png; sourceTree = "<group>"; };
		28CD21E21A4D0BD900C22F97 /* machao2.png */ = {isa = PBXFileReference; lastKnownFileType = image.png; path = machao2.png; sourceTree = "<group>"; };
		28CD21E31A4D0BD900C22F97 /* main_button_1.png */ = {isa = PBXFileReference; lastKnownFileType = image.png; path = main_button_1.png; sourceTree = "<group>"; };
		28CD21E41A4D0BD900C22F97 /* main_button_2_disable.png */ = {isa = PBXFileReference; lastKnownFileType = image.png; path = main_button_2_disable.png; sourceTree = "<group>"; };
		28CD21E51A4D0BD900C22F97 /* main_button_2.png */ = {isa = PBXFileReference; lastKnownFileType = image.png; path = main_button_2.png; sourceTree = "<group>"; };
		28CD21E61A4D0BD900C22F97 /* main_button_3.png */ = {isa = PBXFileReference; lastKnownFileType = image.png; path = main_button_3.png; sourceTree = "<group>"; };
		28CD21E71A4D0BD900C22F97 /* main.png */ = {isa = PBXFileReference; lastKnownFileType = image.png; path = main.png; sourceTree = "<group>"; };
		28CD21E81A4D0BD900C22F97 /* message.png */ = {isa = PBXFileReference; lastKnownFileType = image.png; path = message.png; sourceTree = "<group>"; };
		28CD21E91A4D0BD900C22F97 /* next.png */ = {isa = PBXFileReference; lastKnownFileType = image.png; path = next.png; sourceTree = "<group>"; };
		28CD21EA1A4D0BD900C22F97 /* no_used.png */ = {isa = PBXFileReference; lastKnownFileType = image.png; path = no_used.png; sourceTree = "<group>"; };
		28CD21EB1A4D0BD900C22F97 /* ok.png */ = {isa = PBXFileReference; lastKnownFileType = image.png; path = ok.png; sourceTree = "<group>"; };
		28CD21EC1A4D0BD900C22F97 /* select.wav */ = {isa = PBXFileReference; lastKnownFileType = audio.wav; path = select.wav; sourceTree = "<group>"; };
		28CD21ED1A4D0BD900C22F97 /* share.png */ = {isa = PBXFileReference; lastKnownFileType = image.png; path = share.png; sourceTree = "<group>"; };
		28CD21EE1A4D0BD900C22F97 /* stencil */ = {isa = PBXFileReference; lastKnownFileType = folder; path = stencil; sourceTree = "<group>"; };
		28CD21EF1A4D0BD900C22F97 /* Strings.plist */ = {isa = PBXFileReference; fileEncoding = 4; lastKnownFileType = text.plist.xml; path = Strings.plist; sourceTree = "<group>"; };
		28CD21F01A4D0BD900C22F97 /* title.png */ = {isa = PBXFileReference; lastKnownFileType = image.png; path = title.png; sourceTree = "<group>"; };
		28CD21F11A4D0BD900C22F97 /* un_notice.png */ = {isa = PBXFileReference; lastKnownFileType = image.png; path = un_notice.png; sourceTree = "<group>"; };
		28CD21F21A4D0BD900C22F97 /* used.png */ = {isa = PBXFileReference; lastKnownFileType = image.png; path = used.png; sourceTree = "<group>"; };
		28CD21F31A4D0BD900C22F97 /* xiaobing0.png */ = {isa = PBXFileReference; lastKnownFileType = image.png; path = xiaobing0.png; sourceTree = "<group>"; };
		28CD21F41A4D0BD900C22F97 /* zhangfei1.png */ = {isa = PBXFileReference; lastKnownFileType = image.png; path = zhangfei1.png; sourceTree = "<group>"; };
		28CD21F51A4D0BD900C22F97 /* zhangfei2.png */ = {isa = PBXFileReference; lastKnownFileType = image.png; path = zhangfei2.png; sourceTree = "<group>"; };
		28CD21F61A4D0BD900C22F97 /* zhaoyun1.png */ = {isa = PBXFileReference; lastKnownFileType = image.png; path = zhaoyun1.png; sourceTree = "<group>"; };
		28CD21F71A4D0BD900C22F97 /* zhaoyun2.png */ = {isa = PBXFileReference; lastKnownFileType = image.png; path = zhaoyun2.png; sourceTree = "<group>"; };
		503AE0F617EB97AB00D1A890 /* Icon.icns */ = {isa = PBXFileReference; lastKnownFileType = image.icns; path = Icon.icns; sourceTree = "<group>"; };
		503AE0F717EB97AB00D1A890 /* Info.plist */ = {isa = PBXFileReference; fileEncoding = 4; lastKnownFileType = text.plist.xml; path = Info.plist; sourceTree = "<group>"; };
		503AE0FA17EB989F00D1A890 /* AppController.h */ = {isa = PBXFileReference; fileEncoding = 4; lastKnownFileType = sourcecode.c.h; name = AppController.h; path = ios/AppController.h; sourceTree = SOURCE_ROOT; };
		503AE0FB17EB989F00D1A890 /* AppController.mm */ = {isa = PBXFileReference; fileEncoding = 4; lastKnownFileType = sourcecode.cpp.objcpp; name = AppController.mm; path = ios/AppController.mm; sourceTree = SOURCE_ROOT; };
		503AE0FC17EB989F00D1A890 /* main.m */ = {isa = PBXFileReference; fileEncoding = 4; lastKnownFileType = sourcecode.c.objc; name = main.m; path = ios/main.m; sourceTree = SOURCE_ROOT; };
		503AE0FD17EB989F00D1A890 /* Prefix.pch */ = {isa = PBXFileReference; fileEncoding = 4; lastKnownFileType = sourcecode.c.h; name = Prefix.pch; path = ios/Prefix.pch; sourceTree = SOURCE_ROOT; };
		503AE0FE17EB989F00D1A890 /* RootViewController.h */ = {isa = PBXFileReference; fileEncoding = 4; lastKnownFileType = sourcecode.c.h; name = RootViewController.h; path = ios/RootViewController.h; sourceTree = SOURCE_ROOT; };
		503AE0FF17EB989F00D1A890 /* RootViewController.mm */ = {isa = PBXFileReference; fileEncoding = 4; lastKnownFileType = sourcecode.cpp.objcpp; name = RootViewController.mm; path = ios/RootViewController.mm; sourceTree = SOURCE_ROOT; };
		503AE10317EB98FF00D1A890 /* main.cpp */ = {isa = PBXFileReference; fileEncoding = 4; lastKnownFileType = sourcecode.cpp.cpp; name = main.cpp; path = mac/main.cpp; sourceTree = "<group>"; };
		503AE10417EB98FF00D1A890 /* Prefix.pch */ = {isa = PBXFileReference; fileEncoding = 4; lastKnownFileType = sourcecode.c.h; name = Prefix.pch; path = mac/Prefix.pch; sourceTree = "<group>"; };
		503AE11117EB99EE00D1A890 /* libcurl.dylib */ = {isa = PBXFileReference; lastKnownFileType = "compiled.mach-o.dylib"; name = libcurl.dylib; path = usr/lib/libcurl.dylib; sourceTree = SDKROOT; };
		503AE11A17EB9C5A00D1A890 /* IOKit.framework */ = {isa = PBXFileReference; lastKnownFileType = wrapper.framework; name = IOKit.framework; path = System/Library/Frameworks/IOKit.framework; sourceTree = SDKROOT; };
		5087E76F17EB910900C73F5D /* HuaRongDao Mac.app */ = {isa = PBXFileReference; explicitFileType = wrapper.application; includeInIndex = 0; path = "HuaRongDao Mac.app"; sourceTree = BUILT_PRODUCTS_DIR; };
		5087E77217EB970100C73F5D /* Default-568h@2x.png */ = {isa = PBXFileReference; lastKnownFileType = image.png; path = "Default-568h@2x.png"; sourceTree = "<group>"; };
		5087E77317EB970100C73F5D /* Default.png */ = {isa = PBXFileReference; lastKnownFileType = image.png; path = Default.png; sourceTree = "<group>"; };
		5087E77417EB970100C73F5D /* Default@2x.png */ = {isa = PBXFileReference; lastKnownFileType = image.png; path = "Default@2x.png"; sourceTree = "<group>"; };
		5087E77517EB970100C73F5D /* Icon-114.png */ = {isa = PBXFileReference; lastKnownFileType = image.png; path = "Icon-114.png"; sourceTree = "<group>"; };
		5087E77617EB970100C73F5D /* Icon-120.png */ = {isa = PBXFileReference; lastKnownFileType = image.png; path = "Icon-120.png"; sourceTree = "<group>"; };
		5087E77717EB970100C73F5D /* Icon-144.png */ = {isa = PBXFileReference; lastKnownFileType = image.png; path = "Icon-144.png"; sourceTree = "<group>"; };
		5087E77817EB970100C73F5D /* Icon-152.png */ = {isa = PBXFileReference; lastKnownFileType = image.png; path = "Icon-152.png"; sourceTree = "<group>"; };
		5087E77917EB970100C73F5D /* Icon-57.png */ = {isa = PBXFileReference; lastKnownFileType = image.png; path = "Icon-57.png"; sourceTree = "<group>"; };
		5087E77A17EB970100C73F5D /* Icon-72.png */ = {isa = PBXFileReference; lastKnownFileType = image.png; path = "Icon-72.png"; sourceTree = "<group>"; };
		5087E77B17EB970100C73F5D /* Icon-76.png */ = {isa = PBXFileReference; lastKnownFileType = image.png; path = "Icon-76.png"; sourceTree = "<group>"; };
		5087E77C17EB970100C73F5D /* Info.plist */ = {isa = PBXFileReference; fileEncoding = 4; lastKnownFileType = text.plist.xml; path = Info.plist; sourceTree = "<group>"; };
		5087E78817EB974C00C73F5D /* AppKit.framework */ = {isa = PBXFileReference; lastKnownFileType = wrapper.framework; name = AppKit.framework; path = System/Library/Frameworks/AppKit.framework; sourceTree = SDKROOT; };
		5087E78A17EB975400C73F5D /* OpenGL.framework */ = {isa = PBXFileReference; lastKnownFileType = wrapper.framework; name = OpenGL.framework; path = System/Library/Frameworks/OpenGL.framework; sourceTree = SDKROOT; };
		50EF629217ECD46A001EB2F8 /* Icon-40.png */ = {isa = PBXFileReference; lastKnownFileType = image.png; path = "Icon-40.png"; sourceTree = "<group>"; };
		50EF629317ECD46A001EB2F8 /* Icon-58.png */ = {isa = PBXFileReference; lastKnownFileType = image.png; path = "Icon-58.png"; sourceTree = "<group>"; };
		50EF629417ECD46A001EB2F8 /* Icon-80.png */ = {isa = PBXFileReference; lastKnownFileType = image.png; path = "Icon-80.png"; sourceTree = "<group>"; };
		50EF629517ECD46A001EB2F8 /* Icon-100.png */ = {isa = PBXFileReference; lastKnownFileType = image.png; path = "Icon-100.png"; sourceTree = "<group>"; };
		50EF62A017ECD613001EB2F8 /* Icon-29.png */ = {isa = PBXFileReference; lastKnownFileType = image.png; path = "Icon-29.png"; sourceTree = "<group>"; };
		50EF62A117ECD613001EB2F8 /* Icon-50.png */ = {isa = PBXFileReference; lastKnownFileType = image.png; path = "Icon-50.png"; sourceTree = "<group>"; };
		BF170DB012928DE900B8313A /* OpenGLES.framework */ = {isa = PBXFileReference; lastKnownFileType = wrapper.framework; name = OpenGLES.framework; path = System/Library/Frameworks/OpenGLES.framework; sourceTree = SDKROOT; };
		BF170DB412928DE900B8313A /* libz.dylib */ = {isa = PBXFileReference; lastKnownFileType = "compiled.mach-o.dylib"; name = libz.dylib; path = usr/lib/libz.dylib; sourceTree = SDKROOT; };
		BF1C47EA1293683800B63C5D /* QuartzCore.framework */ = {isa = PBXFileReference; lastKnownFileType = wrapper.framework; name = QuartzCore.framework; path = System/Library/Frameworks/QuartzCore.framework; sourceTree = SDKROOT; };
		D44C620B132DFF330009C878 /* OpenAL.framework */ = {isa = PBXFileReference; lastKnownFileType = wrapper.framework; name = OpenAL.framework; path = System/Library/Frameworks/OpenAL.framework; sourceTree = SDKROOT; };
		D44C620D132DFF430009C878 /* AVFoundation.framework */ = {isa = PBXFileReference; lastKnownFileType = wrapper.framework; name = AVFoundation.framework; path = System/Library/Frameworks/AVFoundation.framework; sourceTree = SDKROOT; };
		D44C620F132DFF4E0009C878 /* AudioToolbox.framework */ = {isa = PBXFileReference; lastKnownFileType = wrapper.framework; name = AudioToolbox.framework; path = System/Library/Frameworks/AudioToolbox.framework; sourceTree = SDKROOT; };
		D6B0611A1803AB670077942B /* CoreMotion.framework */ = {isa = PBXFileReference; lastKnownFileType = wrapper.framework; name = CoreMotion.framework; path = Platforms/iPhoneOS.platform/Developer/SDKs/iPhoneOS7.0.sdk/System/Library/Frameworks/CoreMotion.framework; sourceTree = DEVELOPER_DIR; };
/* End PBXFileReference section */

/* Begin PBXFrameworksBuildPhase section */
		1D60588F0D05DD3D006BFB54 /* Frameworks */ = {
			isa = PBXFrameworksBuildPhase;
			buildActionMask = 2147483647;
			files = (
				28A0AB801A6658DA0041040E /* libsqlite3.0.dylib in Frameworks */,
				1AC6FB2E180E99EB004C840B /* libbox2d iOS.a in Frameworks */,
				1AC6FB2F180E99EB004C840B /* libchipmunk iOS.a in Frameworks */,
				1AC6FB30180E99EB004C840B /* libcocos2dx iOS.a in Frameworks */,
				1AC6FB31180E99EB004C840B /* libcocos2dx-extensions iOS.a in Frameworks */,
				1AC6FB32180E99EB004C840B /* libCocosDenshion iOS.a in Frameworks */,
				D6B0611B1803AB670077942B /* CoreMotion.framework in Frameworks */,
				1D60589F0D05DD5A006BFB54 /* Foundation.framework in Frameworks */,
				1DF5F4E00D08C38300B7A737 /* UIKit.framework in Frameworks */,
				288765A50DF7441C002DB57D /* CoreGraphics.framework in Frameworks */,
				BF171245129291EC00B8313A /* OpenGLES.framework in Frameworks */,
				BF1712471292920000B8313A /* libz.dylib in Frameworks */,
				BF1C47F01293687400B63C5D /* QuartzCore.framework in Frameworks */,
				D44C620C132DFF330009C878 /* OpenAL.framework in Frameworks */,
				D44C620E132DFF430009C878 /* AVFoundation.framework in Frameworks */,
				D44C6210132DFF4E0009C878 /* AudioToolbox.framework in Frameworks */,
			);
			runOnlyForDeploymentPostprocessing = 0;
		};
		5087E75C17EB910900C73F5D /* Frameworks */ = {
			isa = PBXFrameworksBuildPhase;
			buildActionMask = 2147483647;
			files = (
				1AC6FB1F180E996B004C840B /* libbox2d Mac.a in Frameworks */,
				1AC6FB20180E996B004C840B /* libchipmunk Mac.a in Frameworks */,
				1AC6FB21180E996B004C840B /* libcocos2dx Mac.a in Frameworks */,
				1AC6FB22180E996B004C840B /* libcocos2dx-extensions Mac.a in Frameworks */,
				1AC6FB23180E996B004C840B /* libCocosDenshion Mac.a in Frameworks */,
				503AE11217EB99EE00D1A890 /* libcurl.dylib in Frameworks */,
				5087E76717EB910900C73F5D /* libz.dylib in Frameworks */,
				503AE11B17EB9C5A00D1A890 /* IOKit.framework in Frameworks */,
				5087E78B17EB975400C73F5D /* OpenGL.framework in Frameworks */,
				5087E78917EB974C00C73F5D /* AppKit.framework in Frameworks */,
				5087E76317EB910900C73F5D /* Foundation.framework in Frameworks */,
				5087E76517EB910900C73F5D /* CoreGraphics.framework in Frameworks */,
				5087E76817EB910900C73F5D /* QuartzCore.framework in Frameworks */,
				5087E76917EB910900C73F5D /* OpenAL.framework in Frameworks */,
				5087E76A17EB910900C73F5D /* AVFoundation.framework in Frameworks */,
				5087E76B17EB910900C73F5D /* AudioToolbox.framework in Frameworks */,
			);
			runOnlyForDeploymentPostprocessing = 0;
		};
/* End PBXFrameworksBuildPhase section */

/* Begin PBXGroup section */
		080E96DDFE201D6D7F000001 /* ios */ = {
			isa = PBXGroup;
			children = (
				5087E77117EB970100C73F5D /* Icons */,
				503AE0FA17EB989F00D1A890 /* AppController.h */,
				503AE0FB17EB989F00D1A890 /* AppController.mm */,
				503AE0FC17EB989F00D1A890 /* main.m */,
				503AE0FD17EB989F00D1A890 /* Prefix.pch */,
				503AE0FE17EB989F00D1A890 /* RootViewController.h */,
				503AE0FF17EB989F00D1A890 /* RootViewController.mm */,
			);
			name = ios;
			path = Classes;
			sourceTree = "<group>";
		};
		15AA9C4015B7EC450033D6C2 /* Classes */ = {
			isa = PBXGroup;
			children = (
				28CD21971A4D0BB200C22F97 /* Control */,
				28CD219C1A4D0BB200C22F97 /* DAL */,
				28CD219F1A4D0BB200C22F97 /* Data */,
				28CD21A21A4D0BB200C22F97 /* Discard */,
				28CD21A71A4D0BB200C22F97 /* GameMacros.h */,
				28CD21A81A4D0BB200C22F97 /* GameMainScene.cpp */,
				28CD21A91A4D0BB200C22F97 /* GameMainScene.h */,
				28CD21AA1A4D0BB200C22F97 /* GameManager.cpp */,
				28CD21AB1A4D0BB200C22F97 /* GameManager.h */,
				28CD21AC1A4D0BB300C22F97 /* GameStartScene.cpp */,
				28CD21AD1A4D0BB300C22F97 /* GameStartScene.h */,
				28CD21AE1A4D0BB300C22F97 /* MissionInfoItem.cpp */,
				28CD21AF1A4D0BB300C22F97 /* MissionInfoItem.h */,
				28CD21B01A4D0BB300C22F97 /* NewGameManiScene.cpp */,
				28CD21B11A4D0BB300C22F97 /* NewGameManiScene.h */,
				28CD21B21A4D0BB300C22F97 /* SelectMissionScene.cpp */,
				28CD21B31A4D0BB300C22F97 /* SelectMissionScene.h */,
				1AFAF8B316D35DE700DB1158 /* AppDelegate.cpp */,
				1AFAF8B416D35DE700DB1158 /* AppDelegate.h */,
			);
			name = Classes;
			path = ../classes;
			sourceTree = "<group>";
		};
		19C28FACFE9D520D11CA2CBB /* Products */ = {
			isa = PBXGroup;
			children = (
				1D6058910D05DD3D006BFB54 /* HuaRongDao iOS.app */,
				5087E76F17EB910900C73F5D /* HuaRongDao Mac.app */,
			);
			name = Products;
			sourceTree = "<group>";
		};
		1AC6FAE6180E9839004C840B /* Products */ = {
			isa = PBXGroup;
			children = (
				1AC6FAF9180E9839004C840B /* libcocos2dx Mac.a */,
				1AC6FAFB180E9839004C840B /* libcocos2dx-extensions Mac.a */,
				1AC6FAFD180E9839004C840B /* libchipmunk Mac.a */,
				1AC6FAFF180E9839004C840B /* libbox2d Mac.a */,
				1AC6FB01180E9839004C840B /* libCocosDenshion Mac.a */,
				1AC6FB07180E9839004C840B /* libcocos2dx iOS.a */,
				1AC6FB09180E9839004C840B /* libcocos2dx-extensions iOS.a */,
				1AC6FB0B180E9839004C840B /* libchipmunk iOS.a */,
				1AC6FB0D180E9839004C840B /* libbox2d iOS.a */,
				1AC6FB0F180E9839004C840B /* libCocosDenshion iOS.a */,
			);
			name = Products;
			sourceTree = "<group>";
		};
		28CD21971A4D0BB200C22F97 /* Control */ = {
			isa = PBXGroup;
			children = (
				28CD21981A4D0BB200C22F97 /* PopLayer.cpp */,
				28CD21991A4D0BB200C22F97 /* PopLayer.h */,
				28CD219A1A4D0BB200C22F97 /* SliderBar.cpp */,
				28CD219B1A4D0BB200C22F97 /* SliderBar.h */,
			);
			name = Control;
			path = ../Classes/Control;
			sourceTree = "<group>";
		};
		28CD219C1A4D0BB200C22F97 /* DAL */ = {
			isa = PBXGroup;
			children = (
				28CD219D1A4D0BB200C22F97 /* SqliteHelper.cpp */,
				28CD219E1A4D0BB200C22F97 /* SqliteHelper.h */,
			);
			name = DAL;
			path = ../Classes/DAL;
			sourceTree = "<group>";
		};
		28CD219F1A4D0BB200C22F97 /* Data */ = {
			isa = PBXGroup;
			children = (
				28CD21A01A4D0BB200C22F97 /* UserData.cpp */,
				28CD21A11A4D0BB200C22F97 /* UserData.h */,
			);
			name = Data;
			path = ../Classes/Data;
			sourceTree = "<group>";
		};
		28CD21A21A4D0BB200C22F97 /* Discard */ = {
			isa = PBXGroup;
			children = (
				28CD21A31A4D0BB200C22F97 /* HelloWorldScene.cpp */,
				28CD21A41A4D0BB200C22F97 /* HelloWorldScene.h */,
				28CD21A51A4D0BB200C22F97 /* MissionMenuItem.cpp */,
				28CD21A61A4D0BB200C22F97 /* MissionMenuItem.h */,
			);
			name = Discard;
			path = ../Classes/Discard;
			sourceTree = "<group>";
		};
		29B97314FDCFA39411CA2CEA /* CustomTemplate */ = {
			isa = PBXGroup;
			children = (
				1AC6FAE5180E9839004C840B /* cocos2d_libs.xcodeproj */,
				15AA9C4015B7EC450033D6C2 /* Classes */,
				29B97323FDCFA39411CA2CEA /* Frameworks */,
				080E96DDFE201D6D7F000001 /* ios */,
				503AE10617EB990700D1A890 /* mac */,
				19C28FACFE9D520D11CA2CBB /* Products */,
				78C7DDAA14EBA5050085D0C2 /* Resources */,
			);
			name = CustomTemplate;
			sourceTree = "<group>";
		};
		29B97323FDCFA39411CA2CEA /* Frameworks */ = {
			isa = PBXGroup;
			children = (
				28A0AB7F1A6658DA0041040E /* libsqlite3.0.dylib */,
				D6B0611A1803AB670077942B /* CoreMotion.framework */,
				503AE11A17EB9C5A00D1A890 /* IOKit.framework */,
				503AE11117EB99EE00D1A890 /* libcurl.dylib */,
				5087E78A17EB975400C73F5D /* OpenGL.framework */,
				5087E78817EB974C00C73F5D /* AppKit.framework */,
				1ACB3243164770DE00914215 /* libcurl.a */,
				BF170DB412928DE900B8313A /* libz.dylib */,
				D44C620F132DFF4E0009C878 /* AudioToolbox.framework */,
				D44C620D132DFF430009C878 /* AVFoundation.framework */,
				288765A40DF7441C002DB57D /* CoreGraphics.framework */,
				1D30AB110D05D00D00671497 /* Foundation.framework */,
				D44C620B132DFF330009C878 /* OpenAL.framework */,
				BF170DB012928DE900B8313A /* OpenGLES.framework */,
				BF1C47EA1293683800B63C5D /* QuartzCore.framework */,
				1DF5F4DF0D08C38300B7A737 /* UIKit.framework */,
			);
			name = Frameworks;
			sourceTree = "<group>";
		};
		503AE0F517EB97AB00D1A890 /* Icons */ = {
			isa = PBXGroup;
			children = (
				503AE0F617EB97AB00D1A890 /* Icon.icns */,
				503AE0F717EB97AB00D1A890 /* Info.plist */,
			);
			name = Icons;
			path = mac;
			sourceTree = SOURCE_ROOT;
		};
		503AE10617EB990700D1A890 /* mac */ = {
			isa = PBXGroup;
			children = (
				503AE0F517EB97AB00D1A890 /* Icons */,
				503AE10317EB98FF00D1A890 /* main.cpp */,
				503AE10417EB98FF00D1A890 /* Prefix.pch */,
			);
			name = mac;
			sourceTree = "<group>";
		};
		5087E77117EB970100C73F5D /* Icons */ = {
			isa = PBXGroup;
			children = (
				5087E77217EB970100C73F5D /* Default-568h@2x.png */,
				5087E77317EB970100C73F5D /* Default.png */,
				5087E77417EB970100C73F5D /* Default@2x.png */,
				50EF62A017ECD613001EB2F8 /* Icon-29.png */,
				50EF62A117ECD613001EB2F8 /* Icon-50.png */,
				50EF629217ECD46A001EB2F8 /* Icon-40.png */,
				50EF629317ECD46A001EB2F8 /* Icon-58.png */,
				50EF629417ECD46A001EB2F8 /* Icon-80.png */,
				50EF629517ECD46A001EB2F8 /* Icon-100.png */,
				5087E77517EB970100C73F5D /* Icon-114.png */,
				5087E77617EB970100C73F5D /* Icon-120.png */,
				5087E77717EB970100C73F5D /* Icon-144.png */,
				5087E77817EB970100C73F5D /* Icon-152.png */,
				5087E77917EB970100C73F5D /* Icon-57.png */,
				5087E77A17EB970100C73F5D /* Icon-72.png */,
				5087E77B17EB970100C73F5D /* Icon-76.png */,
				5087E77C17EB970100C73F5D /* Info.plist */,
			);
			name = Icons;
			path = ios;
			sourceTree = SOURCE_ROOT;
		};
		78C7DDAA14EBA5050085D0C2 /* Resources */ = {
			isa = PBXGroup;
			children = (
				28CD21CC1A4D0BD900C22F97 /* b1.png */,
				28CD21CD1A4D0BD900C22F97 /* b2.png */,
				28CD21CE1A4D0BD900C22F97 /* b3.png */,
				28CD21CF1A4D0BD900C22F97 /* b4.png */,
				28CD21D01A4D0BD900C22F97 /* background.png */,
				28CD21D11A4D0BD900C22F97 /* banner.png */,
				28CD21D21A4D0BD900C22F97 /* buy.png */,
				28CD21D31A4D0BD900C22F97 /* cancel.png */,
				28CD21D41A4D0BD900C22F97 /* caocao0.png */,
				28CD21D51A4D0BD900C22F97 /* choose_bg.png */,
				28CD21D61A4D0BD900C22F97 /* extensions */,
				28CD21D71A4D0BD900C22F97 /* fonts */,
				28CD21D81A4D0BD900C22F97 /* free_get.png */,
				28CD21D91A4D0BD900C22F97 /* gohome.png */,
				28CD21DA1A4D0BD900C22F97 /* guanyu1.png */,
				28CD21DB1A4D0BD900C22F97 /* guanyu2.png */,
				28CD21DC1A4D0BD900C22F97 /* huangzhong1.png */,
				28CD21DD1A4D0BD900C22F97 /* huangzhong2.png */,
				28CD21DE1A4D0BD900C22F97 /* ic_launcher.png */,
				28CD21DF1A4D0BD900C22F97 /* layout_array.array */,
				28CD21E01A4D0BD900C22F97 /* lock.png */,
				28CD21E11A4D0BD900C22F97 /* machao1.png */,
				28CD21E21A4D0BD900C22F97 /* machao2.png */,
				28CD21E31A4D0BD900C22F97 /* main_button_1.png */,
				28CD21E41A4D0BD900C22F97 /* main_button_2_disable.png */,
				28CD21E51A4D0BD900C22F97 /* main_button_2.png */,
				28CD21E61A4D0BD900C22F97 /* main_button_3.png */,
				28CD21E71A4D0BD900C22F97 /* main.png */,
				28CD21E81A4D0BD900C22F97 /* message.png */,
				28CD21E91A4D0BD900C22F97 /* next.png */,
				28CD21EA1A4D0BD900C22F97 /* no_used.png */,
				28CD21EB1A4D0BD900C22F97 /* ok.png */,
				28CD21EC1A4D0BD900C22F97 /* select.wav */,
				28CD21ED1A4D0BD900C22F97 /* share.png */,
				28CD21EE1A4D0BD900C22F97 /* stencil */,
				28CD21EF1A4D0BD900C22F97 /* Strings.plist */,
				28CD21F01A4D0BD900C22F97 /* title.png */,
				28CD21F11A4D0BD900C22F97 /* un_notice.png */,
				28CD21F21A4D0BD900C22F97 /* used.png */,
				28CD21F31A4D0BD900C22F97 /* xiaobing0.png */,
				28CD21F41A4D0BD900C22F97 /* zhangfei1.png */,
				28CD21F51A4D0BD900C22F97 /* zhangfei2.png */,
				28CD21F61A4D0BD900C22F97 /* zhaoyun1.png */,
				28CD21F71A4D0BD900C22F97 /* zhaoyun2.png */,
			);
			name = Resources;
			path = ../Resources;
			sourceTree = "<group>";
		};
/* End PBXGroup section */

/* Begin PBXNativeTarget section */
		1D6058900D05DD3D006BFB54 /* HuaRongDao iOS */ = {
			isa = PBXNativeTarget;
			buildConfigurationList = 1D6058960D05DD3E006BFB54 /* Build configuration list for PBXNativeTarget "HuaRongDao iOS" */;
			buildPhases = (
				1D60588D0D05DD3D006BFB54 /* Resources */,
				1D60588E0D05DD3D006BFB54 /* Sources */,
				1D60588F0D05DD3D006BFB54 /* Frameworks */,
			);
			buildRules = (
			);
			dependencies = (
				1AC6FB25180E99E1004C840B /* PBXTargetDependency */,
				1AC6FB27180E99E1004C840B /* PBXTargetDependency */,
				1AC6FB29180E99E1004C840B /* PBXTargetDependency */,
				1AC6FB2B180E99E1004C840B /* PBXTargetDependency */,
				1AC6FB2D180E99E1004C840B /* PBXTargetDependency */,
			);
			name = "HuaRongDao iOS";
			productName = iphone;
			productReference = 1D6058910D05DD3D006BFB54 /* HuaRongDao iOS.app */;
			productType = "com.apple.product-type.application";
		};
		5087E73D17EB910900C73F5D /* HuaRongDao Mac */ = {
			isa = PBXNativeTarget;
			buildConfigurationList = 5087E76C17EB910900C73F5D /* Build configuration list for PBXNativeTarget "HuaRongDao Mac" */;
			buildPhases = (
				5087E74817EB910900C73F5D /* Resources */,
				5087E75617EB910900C73F5D /* Sources */,
				5087E75C17EB910900C73F5D /* Frameworks */,
			);
			buildRules = (
			);
			dependencies = (
				1AC6FB1E180E9963004C840B /* PBXTargetDependency */,
				1AC6FB16180E9959004C840B /* PBXTargetDependency */,
				1AC6FB18180E9959004C840B /* PBXTargetDependency */,
				1AC6FB1A180E9959004C840B /* PBXTargetDependency */,
				1AC6FB1C180E9959004C840B /* PBXTargetDependency */,
			);
			name = "HuaRongDao Mac";
			productName = iphone;
			productReference = 5087E76F17EB910900C73F5D /* HuaRongDao Mac.app */;
			productType = "com.apple.product-type.application";
		};
/* End PBXNativeTarget section */

/* Begin PBXProject section */
		29B97313FDCFA39411CA2CEA /* Project object */ = {
			isa = PBXProject;
			attributes = {
				LastUpgradeCheck = 0500;
				TargetAttributes = {
					1D6058900D05DD3D006BFB54 = {
						DevelopmentTeam = MDDB52YB8L;
					};
				};
			};
			buildConfigurationList = C01FCF4E08A954540054247B /* Build configuration list for PBXProject "HuaRongDao" */;
			compatibilityVersion = "Xcode 3.2";
			developmentRegion = English;
			hasScannedForEncodings = 1;
			knownRegions = (
				English,
				Japanese,
				French,
				German,
			);
			mainGroup = 29B97314FDCFA39411CA2CEA /* CustomTemplate */;
			projectDirPath = "";
			projectReferences = (
				{
					ProductGroup = 1AC6FAE6180E9839004C840B /* Products */;
					ProjectRef = 1AC6FAE5180E9839004C840B /* cocos2d_libs.xcodeproj */;
				},
			);
			projectRoot = "";
			targets = (
				1D6058900D05DD3D006BFB54 /* HuaRongDao iOS */,
				5087E73D17EB910900C73F5D /* HuaRongDao Mac */,
			);
		};
/* End PBXProject section */

/* Begin PBXReferenceProxy section */
		1AC6FAF9180E9839004C840B /* libcocos2dx Mac.a */ = {
			isa = PBXReferenceProxy;
			fileType = archive.ar;
			path = "libcocos2dx Mac.a";
			remoteRef = 1AC6FAF8180E9839004C840B /* PBXContainerItemProxy */;
			sourceTree = BUILT_PRODUCTS_DIR;
		};
		1AC6FAFB180E9839004C840B /* libcocos2dx-extensions Mac.a */ = {
			isa = PBXReferenceProxy;
			fileType = archive.ar;
			path = "libcocos2dx-extensions Mac.a";
			remoteRef = 1AC6FAFA180E9839004C840B /* PBXContainerItemProxy */;
			sourceTree = BUILT_PRODUCTS_DIR;
		};
		1AC6FAFD180E9839004C840B /* libchipmunk Mac.a */ = {
			isa = PBXReferenceProxy;
			fileType = archive.ar;
			path = "libchipmunk Mac.a";
			remoteRef = 1AC6FAFC180E9839004C840B /* PBXContainerItemProxy */;
			sourceTree = BUILT_PRODUCTS_DIR;
		};
		1AC6FAFF180E9839004C840B /* libbox2d Mac.a */ = {
			isa = PBXReferenceProxy;
			fileType = archive.ar;
			path = "libbox2d Mac.a";
			remoteRef = 1AC6FAFE180E9839004C840B /* PBXContainerItemProxy */;
			sourceTree = BUILT_PRODUCTS_DIR;
		};
		1AC6FB01180E9839004C840B /* libCocosDenshion Mac.a */ = {
			isa = PBXReferenceProxy;
			fileType = archive.ar;
			path = "libCocosDenshion Mac.a";
			remoteRef = 1AC6FB00180E9839004C840B /* PBXContainerItemProxy */;
			sourceTree = BUILT_PRODUCTS_DIR;
		};
		1AC6FB07180E9839004C840B /* libcocos2dx iOS.a */ = {
			isa = PBXReferenceProxy;
			fileType = archive.ar;
			path = "libcocos2dx iOS.a";
			remoteRef = 1AC6FB06180E9839004C840B /* PBXContainerItemProxy */;
			sourceTree = BUILT_PRODUCTS_DIR;
		};
		1AC6FB09180E9839004C840B /* libcocos2dx-extensions iOS.a */ = {
			isa = PBXReferenceProxy;
			fileType = archive.ar;
			path = "libcocos2dx-extensions iOS.a";
			remoteRef = 1AC6FB08180E9839004C840B /* PBXContainerItemProxy */;
			sourceTree = BUILT_PRODUCTS_DIR;
		};
		1AC6FB0B180E9839004C840B /* libchipmunk iOS.a */ = {
			isa = PBXReferenceProxy;
			fileType = archive.ar;
			path = "libchipmunk iOS.a";
			remoteRef = 1AC6FB0A180E9839004C840B /* PBXContainerItemProxy */;
			sourceTree = BUILT_PRODUCTS_DIR;
		};
		1AC6FB0D180E9839004C840B /* libbox2d iOS.a */ = {
			isa = PBXReferenceProxy;
			fileType = archive.ar;
			path = "libbox2d iOS.a";
			remoteRef = 1AC6FB0C180E9839004C840B /* PBXContainerItemProxy */;
			sourceTree = BUILT_PRODUCTS_DIR;
		};
		1AC6FB0F180E9839004C840B /* libCocosDenshion iOS.a */ = {
			isa = PBXReferenceProxy;
			fileType = archive.ar;
			path = "libCocosDenshion iOS.a";
			remoteRef = 1AC6FB0E180E9839004C840B /* PBXContainerItemProxy */;
			sourceTree = BUILT_PRODUCTS_DIR;
		};
/* End PBXReferenceProxy section */

/* Begin PBXResourcesBuildPhase section */
		1D60588D0D05DD3D006BFB54 /* Resources */ = {
			isa = PBXResourcesBuildPhase;
			buildActionMask = 2147483647;
			files = (
				28CD22381A4D0BD900C22F97 /* select.wav in Resources */,
				28CD22281A4D0BD900C22F97 /* main_button_2_disable.png in Resources */,
				28CD22341A4D0BD900C22F97 /* no_used.png in Resources */,
				5087E78117EB970100C73F5D /* Icon-120.png in Resources */,
				28CD21FA1A4D0BD900C22F97 /* b2.png in Resources */,
				5087E78617EB970100C73F5D /* Icon-76.png in Resources */,
				28CD221A1A4D0BD900C22F97 /* huangzhong2.png in Resources */,
				28CD223A1A4D0BD900C22F97 /* share.png in Resources */,
				28CD220E1A4D0BD900C22F97 /* fonts in Resources */,
				28CD222C1A4D0BD900C22F97 /* main_button_3.png in Resources */,
				28CD22061A4D0BD900C22F97 /* cancel.png in Resources */,
				28CD22101A4D0BD900C22F97 /* free_get.png in Resources */,
				28CD221E1A4D0BD900C22F97 /* layout_array.array in Resources */,
				28CD223E1A4D0BD900C22F97 /* Strings.plist in Resources */,
				5087E77F17EB970100C73F5D /* Default@2x.png in Resources */,
				28CD22081A4D0BD900C22F97 /* caocao0.png in Resources */,
				28CD224A1A4D0BD900C22F97 /* zhangfei2.png in Resources */,
				28CD222A1A4D0BD900C22F97 /* main_button_2.png in Resources */,
				50EF629917ECD46A001EB2F8 /* Icon-100.png in Resources */,
				28CD22161A4D0BD900C22F97 /* guanyu2.png in Resources */,
				5087E78317EB970100C73F5D /* Icon-152.png in Resources */,
				5087E77D17EB970100C73F5D /* Default-568h@2x.png in Resources */,
				28CD22021A4D0BD900C22F97 /* banner.png in Resources */,
				28CD224E1A4D0BD900C22F97 /* zhaoyun2.png in Resources */,
				28CD21FC1A4D0BD900C22F97 /* b3.png in Resources */,
				28CD220C1A4D0BD900C22F97 /* extensions in Resources */,
				28CD22321A4D0BD900C22F97 /* next.png in Resources */,
				28CD22461A4D0BD900C22F97 /* xiaobing0.png in Resources */,
				28CD222E1A4D0BD900C22F97 /* main.png in Resources */,
				28CD22441A4D0BD900C22F97 /* used.png in Resources */,
				5087E78517EB970100C73F5D /* Icon-72.png in Resources */,
				50EF62A317ECD613001EB2F8 /* Icon-50.png in Resources */,
				28CD22241A4D0BD900C22F97 /* machao2.png in Resources */,
				5087E78017EB970100C73F5D /* Icon-114.png in Resources */,
				28CD221C1A4D0BD900C22F97 /* ic_launcher.png in Resources */,
				50EF62A217ECD613001EB2F8 /* Icon-29.png in Resources */,
				28CD224C1A4D0BD900C22F97 /* zhaoyun1.png in Resources */,
				50EF629617ECD46A001EB2F8 /* Icon-40.png in Resources */,
				5087E78217EB970100C73F5D /* Icon-144.png in Resources */,
				28CD21F81A4D0BD900C22F97 /* b1.png in Resources */,
				28CD21FE1A4D0BD900C22F97 /* b4.png in Resources */,
				28CD220A1A4D0BD900C22F97 /* choose_bg.png in Resources */,
				28CD22001A4D0BD900C22F97 /* background.png in Resources */,
				28CD22361A4D0BD900C22F97 /* ok.png in Resources */,
				28CD22121A4D0BD900C22F97 /* gohome.png in Resources */,
				28CD22481A4D0BD900C22F97 /* zhangfei1.png in Resources */,
				28CD223C1A4D0BD900C22F97 /* stencil in Resources */,
				28CD22181A4D0BD900C22F97 /* huangzhong1.png in Resources */,
				28CD22421A4D0BD900C22F97 /* un_notice.png in Resources */,
				50EF629817ECD46A001EB2F8 /* Icon-80.png in Resources */,
				5087E78417EB970100C73F5D /* Icon-57.png in Resources */,
				28CD22221A4D0BD900C22F97 /* machao1.png in Resources */,
				28CD22141A4D0BD900C22F97 /* guanyu1.png in Resources */,
				5087E77E17EB970100C73F5D /* Default.png in Resources */,
				28CD22261A4D0BD900C22F97 /* main_button_1.png in Resources */,
				28CD22401A4D0BD900C22F97 /* title.png in Resources */,
				28CD22201A4D0BD900C22F97 /* lock.png in Resources */,
				28CD22041A4D0BD900C22F97 /* buy.png in Resources */,
				50EF629717ECD46A001EB2F8 /* Icon-58.png in Resources */,
				28CD22301A4D0BD900C22F97 /* message.png in Resources */,
			);
			runOnlyForDeploymentPostprocessing = 0;
		};
		5087E74817EB910900C73F5D /* Resources */ = {
			isa = PBXResourcesBuildPhase;
			buildActionMask = 2147483647;
			files = (
				28CD220B1A4D0BD900C22F97 /* choose_bg.png in Resources */,
				28CD22251A4D0BD900C22F97 /* machao2.png in Resources */,
				28CD223F1A4D0BD900C22F97 /* Strings.plist in Resources */,
				28CD220F1A4D0BD900C22F97 /* fonts in Resources */,
				28CD22091A4D0BD900C22F97 /* caocao0.png in Resources */,
				28CD22171A4D0BD900C22F97 /* guanyu2.png in Resources */,
				28CD22431A4D0BD900C22F97 /* un_notice.png in Resources */,
				28CD224B1A4D0BD900C22F97 /* zhangfei2.png in Resources */,
				28CD220D1A4D0BD900C22F97 /* extensions in Resources */,
				28CD22271A4D0BD900C22F97 /* main_button_1.png in Resources */,
				28CD22031A4D0BD900C22F97 /* banner.png in Resources */,
				28CD222F1A4D0BD900C22F97 /* main.png in Resources */,
				28CD21FF1A4D0BD900C22F97 /* b4.png in Resources */,
				28CD22051A4D0BD900C22F97 /* buy.png in Resources */,
				28CD22351A4D0BD900C22F97 /* no_used.png in Resources */,
				28CD22011A4D0BD900C22F97 /* background.png in Resources */,
				28CD22491A4D0BD900C22F97 /* zhangfei1.png in Resources */,
				28CD22151A4D0BD900C22F97 /* guanyu1.png in Resources */,
				28CD224D1A4D0BD900C22F97 /* zhaoyun1.png in Resources */,
				28CD22111A4D0BD900C22F97 /* free_get.png in Resources */,
				28CD22131A4D0BD900C22F97 /* gohome.png in Resources */,
				28CD222D1A4D0BD900C22F97 /* main_button_3.png in Resources */,
				28CD223B1A4D0BD900C22F97 /* share.png in Resources */,
				28CD22371A4D0BD900C22F97 /* ok.png in Resources */,
				28CD22331A4D0BD900C22F97 /* next.png in Resources */,
				28CD222B1A4D0BD900C22F97 /* main_button_2.png in Resources */,
				28CD22471A4D0BD900C22F97 /* xiaobing0.png in Resources */,
				28CD22411A4D0BD900C22F97 /* title.png in Resources */,
				28CD22231A4D0BD900C22F97 /* machao1.png in Resources */,
				28CD221B1A4D0BD900C22F97 /* huangzhong2.png in Resources */,
				28CD221F1A4D0BD900C22F97 /* layout_array.array in Resources */,
				28CD21F91A4D0BD900C22F97 /* b1.png in Resources */,
				28CD22391A4D0BD900C22F97 /* select.wav in Resources */,
				28CD21FB1A4D0BD900C22F97 /* b2.png in Resources */,
				28CD22211A4D0BD900C22F97 /* lock.png in Resources */,
				28CD22191A4D0BD900C22F97 /* huangzhong1.png in Resources */,
				28CD22071A4D0BD900C22F97 /* cancel.png in Resources */,
				28CD22291A4D0BD900C22F97 /* main_button_2_disable.png in Resources */,
				28CD224F1A4D0BD900C22F97 /* zhaoyun2.png in Resources */,
				28CD21FD1A4D0BD900C22F97 /* b3.png in Resources */,
				503AE0F817EB97AB00D1A890 /* Icon.icns in Resources */,
				28CD22451A4D0BD900C22F97 /* used.png in Resources */,
				28CD223D1A4D0BD900C22F97 /* stencil in Resources */,
				28CD221D1A4D0BD900C22F97 /* ic_launcher.png in Resources */,
				28CD22311A4D0BD900C22F97 /* message.png in Resources */,
			);
			runOnlyForDeploymentPostprocessing = 0;
		};
/* End PBXResourcesBuildPhase section */

/* Begin PBXSourcesBuildPhase section */
		1D60588E0D05DD3D006BFB54 /* Sources */ = {
			isa = PBXSourcesBuildPhase;
			buildActionMask = 2147483647;
			files = (
				28CD21C41A4D0BB300C22F97 /* GameStartScene.cpp in Sources */,
				503AE10017EB989F00D1A890 /* AppController.mm in Sources */,
				28CD21C21A4D0BB300C22F97 /* GameManager.cpp in Sources */,
				503AE10217EB989F00D1A890 /* RootViewController.mm in Sources */,
				28CD21C01A4D0BB300C22F97 /* GameMainScene.cpp in Sources */,
				28CD21C61A4D0BB300C22F97 /* MissionInfoItem.cpp in Sources */,
				28CD21BC1A4D0BB300C22F97 /* HelloWorldScene.cpp in Sources */,
				28CD21CA1A4D0BB300C22F97 /* SelectMissionScene.cpp in Sources */,
				28CD21C81A4D0BB300C22F97 /* NewGameManiScene.cpp in Sources */,
				1AFAF8B716D35DE700DB1158 /* AppDelegate.cpp in Sources */,
				28CD21BE1A4D0BB300C22F97 /* MissionMenuItem.cpp in Sources */,
				28CD21B81A4D0BB300C22F97 /* SqliteHelper.cpp in Sources */,
				28CD21B41A4D0BB300C22F97 /* PopLayer.cpp in Sources */,
				28CD21B61A4D0BB300C22F97 /* SliderBar.cpp in Sources */,
				28CD21BA1A4D0BB300C22F97 /* UserData.cpp in Sources */,
				503AE10117EB989F00D1A890 /* main.m in Sources */,
			);
			runOnlyForDeploymentPostprocessing = 0;
		};
		5087E75617EB910900C73F5D /* Sources */ = {
			isa = PBXSourcesBuildPhase;
			buildActionMask = 2147483647;
			files = (
				28CD21B51A4D0BB300C22F97 /* PopLayer.cpp in Sources */,
				28CD21C31A4D0BB300C22F97 /* GameManager.cpp in Sources */,
				5087E75717EB910900C73F5D /* AppDelegate.cpp in Sources */,
				28CD21BF1A4D0BB300C22F97 /* MissionMenuItem.cpp in Sources */,
				28CD21C51A4D0BB300C22F97 /* GameStartScene.cpp in Sources */,
				28CD21CB1A4D0BB300C22F97 /* SelectMissionScene.cpp in Sources */,
				28CD21C71A4D0BB300C22F97 /* MissionInfoItem.cpp in Sources */,
				28CD21BD1A4D0BB300C22F97 /* HelloWorldScene.cpp in Sources */,
				28CD21B91A4D0BB300C22F97 /* SqliteHelper.cpp in Sources */,
				28CD21B71A4D0BB300C22F97 /* SliderBar.cpp in Sources */,
				28CD21BB1A4D0BB300C22F97 /* UserData.cpp in Sources */,
				28CD21C91A4D0BB300C22F97 /* NewGameManiScene.cpp in Sources */,
				28CD21C11A4D0BB300C22F97 /* GameMainScene.cpp in Sources */,
				503AE10517EB98FF00D1A890 /* main.cpp in Sources */,
			);
			runOnlyForDeploymentPostprocessing = 0;
		};
/* End PBXSourcesBuildPhase section */

/* Begin PBXTargetDependency section */
		1AC6FB16180E9959004C840B /* PBXTargetDependency */ = {
			isa = PBXTargetDependency;
			name = "cocos2dx Mac";
			targetProxy = 1AC6FB15180E9959004C840B /* PBXContainerItemProxy */;
		};
		1AC6FB18180E9959004C840B /* PBXTargetDependency */ = {
			isa = PBXTargetDependency;
			name = "cocos2dx-extensions Mac";
			targetProxy = 1AC6FB17180E9959004C840B /* PBXContainerItemProxy */;
		};
		1AC6FB1A180E9959004C840B /* PBXTargetDependency */ = {
			isa = PBXTargetDependency;
			name = "chipmunk Mac";
			targetProxy = 1AC6FB19180E9959004C840B /* PBXContainerItemProxy */;
		};
		1AC6FB1C180E9959004C840B /* PBXTargetDependency */ = {
			isa = PBXTargetDependency;
			name = "CocosDenshion Mac";
			targetProxy = 1AC6FB1B180E9959004C840B /* PBXContainerItemProxy */;
		};
		1AC6FB1E180E9963004C840B /* PBXTargetDependency */ = {
			isa = PBXTargetDependency;
			name = "box2d Mac";
			targetProxy = 1AC6FB1D180E9963004C840B /* PBXContainerItemProxy */;
		};
		1AC6FB25180E99E1004C840B /* PBXTargetDependency */ = {
			isa = PBXTargetDependency;
			name = "cocos2dx iOS";
			targetProxy = 1AC6FB24180E99E1004C840B /* PBXContainerItemProxy */;
		};
		1AC6FB27180E99E1004C840B /* PBXTargetDependency */ = {
			isa = PBXTargetDependency;
			name = "cocos2dx-extensions iOS";
			targetProxy = 1AC6FB26180E99E1004C840B /* PBXContainerItemProxy */;
		};
		1AC6FB29180E99E1004C840B /* PBXTargetDependency */ = {
			isa = PBXTargetDependency;
			name = "chipmunk iOS";
			targetProxy = 1AC6FB28180E99E1004C840B /* PBXContainerItemProxy */;
		};
		1AC6FB2B180E99E1004C840B /* PBXTargetDependency */ = {
			isa = PBXTargetDependency;
			name = "box2d iOS";
			targetProxy = 1AC6FB2A180E99E1004C840B /* PBXContainerItemProxy */;
		};
		1AC6FB2D180E99E1004C840B /* PBXTargetDependency */ = {
			isa = PBXTargetDependency;
			name = "CocosDenshion iOS";
			targetProxy = 1AC6FB2C180E99E1004C840B /* PBXContainerItemProxy */;
		};
/* End PBXTargetDependency section */

/* Begin XCBuildConfiguration section */
		1D6058940D05DD3E006BFB54 /* Debug */ = {
			isa = XCBuildConfiguration;
			buildSettings = {
				ALWAYS_SEARCH_USER_PATHS = YES;
				CODE_SIGN_IDENTITY = "iPhone Developer";
				COMPRESS_PNG_FILES = NO;
				GCC_DYNAMIC_NO_PIC = NO;
				GCC_INLINES_ARE_PRIVATE_EXTERN = NO;
				GCC_PRECOMPILE_PREFIX_HEADER = YES;
				GCC_PREFIX_HEADER = ios/Prefix.pch;
				GCC_PREPROCESSOR_DEFINITIONS = (
					USE_FILE32API,
					CC_TARGET_OS_IPHONE,
					"COCOS2D_DEBUG=1",
					"CC_ENABLE_CHIPMUNK_INTEGRATION=1",
				);
				GCC_SYMBOLS_PRIVATE_EXTERN = NO;
				HEADER_SEARCH_PATHS = (
					"$(inherited)",
					"$(SRCROOT)/../cocos2d/cocos/platform/ios",
					"$(SRCROOT)/../cocos2d/cocos/platform/ios/Simulation",
				);
				INFOPLIST_FILE = ios/Info.plist;
				IPHONEOS_DEPLOYMENT_TARGET = 5.0;
				LIBRARY_SEARCH_PATHS = "";
				SDKROOT = iphoneos;
				TARGETED_DEVICE_FAMILY = "1,2";
				USER_HEADER_SEARCH_PATHS = "";
			};
			name = Debug;
		};
		1D6058950D05DD3E006BFB54 /* Release */ = {
			isa = XCBuildConfiguration;
			buildSettings = {
				ALWAYS_SEARCH_USER_PATHS = YES;
				CODE_SIGN_IDENTITY = "iPhone Developer";
				COMPRESS_PNG_FILES = NO;
				GCC_INLINES_ARE_PRIVATE_EXTERN = NO;
				GCC_PRECOMPILE_PREFIX_HEADER = YES;
				GCC_PREFIX_HEADER = ios/Prefix.pch;
				GCC_PREPROCESSOR_DEFINITIONS = (
					USE_FILE32API,
					CC_TARGET_OS_IPHONE,
					"CC_ENABLE_CHIPMUNK_INTEGRATION=1",
				);
				GCC_SYMBOLS_PRIVATE_EXTERN = NO;
				HEADER_SEARCH_PATHS = (
					"$(inherited)",
					"$(SRCROOT)/../cocos2d/cocos/platform/ios",
					"$(SRCROOT)/../cocos2d/cocos/platform/ios/Simulation",
				);
				INFOPLIST_FILE = ios/Info.plist;
				IPHONEOS_DEPLOYMENT_TARGET = 5.0;
				LIBRARY_SEARCH_PATHS = "";
				SDKROOT = iphoneos;
				TARGETED_DEVICE_FAMILY = "1,2";
				USER_HEADER_SEARCH_PATHS = "";
			};
			name = Release;
		};
		5087E76D17EB910900C73F5D /* Debug */ = {
			isa = XCBuildConfiguration;
			buildSettings = {
				ALWAYS_SEARCH_USER_PATHS = YES;
				ARCHS = "$(ARCHS_STANDARD_64_BIT)";
				CLANG_CXX_LANGUAGE_STANDARD = "c++0x";
				CLANG_CXX_LIBRARY = "libc++";
				GCC_DYNAMIC_NO_PIC = NO;
				GCC_INLINES_ARE_PRIVATE_EXTERN = NO;
				GCC_PRECOMPILE_PREFIX_HEADER = YES;
				GCC_PREFIX_HEADER = mac/Prefix.pch;
				GCC_PREPROCESSOR_DEFINITIONS = (
					USE_FILE32API,
					CC_TARGET_OS_MAC,
					"COCOS2D_DEBUG=1",
					"CC_ENABLE_CHIPMUNK_INTEGRATION=1",
				);
				GCC_SYMBOLS_PRIVATE_EXTERN = NO;
				HEADER_SEARCH_PATHS = (
					"$(inherited)",
					"$(SRCROOT)/../cocos2d/cocos/platform/mac",
					"$(SRCROOT)/../cocos2d/external/glfw3/include/mac",
				);
				INFOPLIST_FILE = mac/Info.plist;
				LIBRARY_SEARCH_PATHS = "";
				USER_HEADER_SEARCH_PATHS = "";
			};
			name = Debug;
		};
		5087E76E17EB910900C73F5D /* Release */ = {
			isa = XCBuildConfiguration;
			buildSettings = {
				ALWAYS_SEARCH_USER_PATHS = YES;
				ARCHS = "$(ARCHS_STANDARD_64_BIT)";
				CLANG_CXX_LANGUAGE_STANDARD = "c++0x";
				CLANG_CXX_LIBRARY = "libc++";
				GCC_INLINES_ARE_PRIVATE_EXTERN = NO;
				GCC_PRECOMPILE_PREFIX_HEADER = YES;
				GCC_PREFIX_HEADER = mac/Prefix.pch;
				GCC_PREPROCESSOR_DEFINITIONS = (
					USE_FILE32API,
					CC_TARGET_OS_MAC,
					"CC_ENABLE_CHIPMUNK_INTEGRATION=1",
				);
				GCC_SYMBOLS_PRIVATE_EXTERN = NO;
				HEADER_SEARCH_PATHS = (
					"$(inherited)",
					"$(SRCROOT)/../cocos2d/cocos/platform/mac",
					"$(SRCROOT)/../cocos2d/external/glfw3/include/mac",
				);
				INFOPLIST_FILE = mac/Info.plist;
				LIBRARY_SEARCH_PATHS = "";
				USER_HEADER_SEARCH_PATHS = "";
			};
			name = Release;
		};
		C01FCF4F08A954540054247B /* Debug */ = {
			isa = XCBuildConfiguration;
			buildSettings = {
				CLANG_CXX_LANGUAGE_STANDARD = "c++0x";
				CLANG_CXX_LIBRARY = "libc++";
				COPY_PHASE_STRIP = NO;
				GCC_OPTIMIZATION_LEVEL = 0;
				GCC_WARN_ABOUT_RETURN_TYPE = YES;
				GCC_WARN_UNUSED_VARIABLE = YES;
				HEADER_SEARCH_PATHS = (
					"$(SRCROOT)/../cocos2d",
					"$(SRCROOT)/../cocos2d/cocos",
					"$(SRCROOT)/../cocos2d/cocos/base",
					"$(SRCROOT)/../cocos2d/cocos/physics",
					"$(SRCROOT)/../cocos2d/cocos/math",
					"$(SRCROOT)/../cocos2d/cocos/2d",
					"$(SRCROOT)/../cocos2d/cocos/ui",
					"$(SRCROOT)/../cocos2d/cocos/network",
					"$(SRCROOT)/../cocos2d/cocos/audio/include",
					"$(SRCROOT)/../cocos2d/cocos/editor-support",
					"$(SRCROOT)/../cocos2d/extensions",
					"$(SRCROOT)/../cocos2d/external",
					"$(SRCROOT)/../cocos2d/external/chipmunk/include/chipmunk",
				);
				MACOSX_DEPLOYMENT_TARGET = 10.7;
				ONLY_ACTIVE_ARCH = YES;
				PRODUCT_NAME = "$(TARGET_NAME)";
				SDKROOT = macosx;
			};
			name = Debug;
		};
		C01FCF5008A954540054247B /* Release */ = {
			isa = XCBuildConfiguration;
			buildSettings = {
				CLANG_CXX_LANGUAGE_STANDARD = "c++0x";
				CLANG_CXX_LIBRARY = "libc++";
				GCC_WARN_ABOUT_RETURN_TYPE = YES;
				GCC_WARN_UNUSED_VARIABLE = YES;
				HEADER_SEARCH_PATHS = (
					"$(SRCROOT)/../cocos2d",
					"$(SRCROOT)/../cocos2d/cocos",
					"$(SRCROOT)/../cocos2d/cocos/base",
					"$(SRCROOT)/../cocos2d/cocos/physics",
					"$(SRCROOT)/../cocos2d/cocos/math",
					"$(SRCROOT)/../cocos2d/cocos/2d",
					"$(SRCROOT)/../cocos2d/cocos/ui",
					"$(SRCROOT)/../cocos2d/cocos/network",
					"$(SRCROOT)/../cocos2d/cocos/audio/include",
					"$(SRCROOT)/../cocos2d/cocos/editor-support",
					"$(SRCROOT)/../cocos2d/extensions",
					"$(SRCROOT)/../cocos2d/external",
					"$(SRCROOT)/../cocos2d/external/chipmunk/include/chipmunk",
				);
				MACOSX_DEPLOYMENT_TARGET = 10.7;
				OTHER_CFLAGS = "-DNS_BLOCK_ASSERTIONS=1";
				PRODUCT_NAME = "$(TARGET_NAME)";
				SDKROOT = macosx;
				VALIDATE_PRODUCT = YES;
			};
			name = Release;
		};
/* End XCBuildConfiguration section */

/* Begin XCConfigurationList section */
		1D6058960D05DD3E006BFB54 /* Build configuration list for PBXNativeTarget "HuaRongDao iOS" */ = {
			isa = XCConfigurationList;
			buildConfigurations = (
				1D6058940D05DD3E006BFB54 /* Debug */,
				1D6058950D05DD3E006BFB54 /* Release */,
			);
			defaultConfigurationIsVisible = 0;
			defaultConfigurationName = Debug;
		};
		5087E76C17EB910900C73F5D /* Build configuration list for PBXNativeTarget "HuaRongDao Mac" */ = {
			isa = XCConfigurationList;
			buildConfigurations = (
				5087E76D17EB910900C73F5D /* Debug */,
				5087E76E17EB910900C73F5D /* Release */,
			);
			defaultConfigurationIsVisible = 0;
			defaultConfigurationName = Debug;
		};
		C01FCF4E08A954540054247B /* Build configuration list for PBXProject "HuaRongDao" */ = {
			isa = XCConfigurationList;
			buildConfigurations = (
				C01FCF4F08A954540054247B /* Debug */,
				C01FCF5008A954540054247B /* Release */,
			);
			defaultConfigurationIsVisible = 0;
			defaultConfigurationName = Debug;
		};
/* End XCConfigurationList section */
	};
	rootObject = 29B97313FDCFA39411CA2CEA /* Project object */;
}
